<?xml version="1.0" encoding="UTF-8" standalone="yes" ?>
<CodeBlocks_project_file>
	<FileVersion major="1" minor="6" />
	<Project>
		<Option title="arkanoidsb" />
		<Option pch_mode="2" />
		<Option compiler="gcc" />
		<Build>
			<Target title="windows_Debug">
				<Option platforms="Windows;" />
				<Option output="arkanoidsb" prefix_auto="1" extension_auto="1" />
				<Option object_output="debug_win32/" />
				<Option type="1" />
				<Option compiler="gcc" />
				<Compiler>
					<Add option="-g" />
				</Compiler>
				<Linker>
					<Add library="mingw32" />
					<Add library="SDLmain" />
					<Add library="SDL.dll" />
					<Add library="SDL_mixer" />
					<Add library="SDL_image" />
				</Linker>
			</Target>
			<Target title="windows_Release">
				<Option platforms="Windows;" />
				<Option output="arkanoidsb" prefix_auto="1" extension_auto="1" />
				<Option object_output="release_win32/" />
				<Option type="0" />
				<Option compiler="gcc" />
				<Compiler>
					<Add option="-O2" />
				</Compiler>
				<Linker>
					<Add option="-s" />
					<Add library="mingw32" />
					<Add library="SDLmain" />
					<Add library="SDL.dll" />
					<Add library="SDL_mixer" />
					<Add library="SDL_image" />
				</Linker>
			</Target>
			<Target title="linux_Debug">
				<Option platforms="Unix;" />
				<Option output="arkanoidsb" prefix_auto="1" extension_auto="1" />
				<Option object_output="debug_linux/" />
				<Option type="1" />
				<Option compiler="gcc" />
				<Compiler>
					<Add option="-g" />
				</Compiler>
				<Linker>
					<Add library="SDL" />
					<Add library="SDL_mixer" />
					<Add library="SDL_image" />
				</Linker>
			</Target>
			<Target title="linux_Release">
				<Option platforms="Unix;" />
				<Option output="arkanoidsb" prefix_auto="1" extension_auto="1" />
				<Option object_output="release_linux/" />
				<Option type="0" />
				<Option compiler="gcc" />
				<Compiler>
					<Add option="-O2" />
				</Compiler>
				<Linker>
					<Add option="-s" />
					<Add library="SDL" />
					<Add library="SDL_mixer" />
					<Add library="SDL_image" />
				</Linker>
			</Target>
			<Target title="MacOSX_Debug">
				<Option platforms="Mac;" />
				<Option output="arkanoidsb" prefix_auto="1" extension_auto="1" />
				<Option object_output="debug_macosx/" />
				<Option type="1" />
				<Option compiler="gcc" />
				<Compiler>
					<Add option="-g" />
				</Compiler>
				<Linker>
					<Add option="-framework SDL -framework Cocoa -framework SDL_image -framework SDL_mixer -framework OpenGL" />
				</Linker>
			</Target>
			<Target title="MacOSX_Release">
				<Option platforms="Mac;" />
				<Option output="arkanoidsb" prefix_auto="1" extension_auto="1" />
				<Option object_output="release_macosx/" />
				<Option type="0" />
				<Option compiler="gcc" />
				<Compiler>
					<Add option="-O2" />
				</Compiler>
				<Linker>
					<Add option="-framework SDL -framework Cocoa -framework SDL_image -framework SDL_mixer -framework OpenGL" />
				</Linker>
			</Target>
		</Build>
		<Compiler>
			<Add option="-Wall" />
			<Add directory="$(#sdl.include)" />
			<Add directory="$(#sdl_image.include)" />
			<Add directory="$(#sdl_mixer.include)" />
		</Compiler>
		<Linker>
			<Add directory="$(#sdl.lib)" />
			<Add directory="$(#sdl_image.lib)" />
			<Add directory="$(#sdl_mixer.lib)" />
		</Linker>
		<Unit filename="src/SDLMain.h">
			<Option target="MacOSX_Debug" />
			<Option target="MacOSX_Release" />
		</Unit>
		<Unit filename="src/SDLMain.m">
			<Option compile="1" />
			<Option link="1" />
			<Option target="MacOSX_Debug" />
			<Option target="MacOSX_Release" />
		</Unit>
		<Unit filename="src/arkanoidsb.cpp" />
		<Unit filename="src/arkanoidsb.h" />
		<Unit filename="src/arkanoidsbgame.cpp" />
		<Unit filename="src/arkanoidsbgame.h" />
		<Unit filename="src/ball.cpp" />
		<Unit filename="src/ball.h" />
		<Unit filename="src/bonus.cpp" />
		<Unit filename="src/bonus.h" />
		<Unit filename="src/bullet.cpp" />
		<Unit filename="src/bullet.h" />
		<Unit filename="src/coolfont.hpp" />
		<Unit filename="src/coolstring.cpp" />
		<Unit filename="src/coolstring.h" />
		<Unit filename="src/energyhole.cpp" />
		<Unit filename="src/energyhole.h" />
		<Unit filename="src/exploision.cpp" />
		<Unit filename="src/exploision.h" />
		<Unit filename="src/generatelevel.cpp" />
		<Unit filename="src/generatelevel.h" />
		<Unit filename="src/glSDL.c">
			<Option compilerVar="CC" />
		</Unit>
		<Unit filename="src/glSDL.h" />
		<Unit filename="src/leveleditor.cpp" />
		<Unit filename="src/leveleditor.h" />
		<Unit filename="src/mainmenu.cpp" />
		<Unit filename="src/mainmenu.h" />
		<Unit filename="src/monster.cpp" />
		<Unit filename="src/monster.h" />
		<Unit filename="src/mystring.cpp" />
		<Unit filename="src/mystring.h" />
		<Unit filename="src/random.h" />
		<Unit filename="src/reminderdlg.cpp" />
		<Unit filename="src/reminderdlg.h" />
		<Unit filename="src/resource.cpp" />
		<Unit filename="src/resource.h" />
		<Unit filename="src/resource.rc">
			<Option target="windows_Debug" />
			<Option target="windows_Release" />
		</Unit>
		<Unit filename="src/sinusstring.cpp" />
		<Unit filename="src/sinusstring.h" />
		<Unit filename="src/tutorialdlg.cpp" />
		<Unit filename="src/tutorialdlg.h" />
		<Unit filename="src/version.h" />
		<Extensions>
			<code_completion />
			<wxsmith version="1">
				<gui name="wxWidgets" src="" main="" init_handlers="necessary" language="CPP" />
			</wxsmith>
			<envvars />
			<debugger />
			<AutoVersioning>
				<Scheme minor_max="10" build_max="0" rev_max="0" rev_rand_max="10" build_times_to_increment_minor="100" />
				<Settings autoincrement="1" date_declarations="1" do_auto_increment="0" ask_to_increment="0" language="C++" svn="0" svn_directory="" header_path="src/version.h" />
				<Changes_Log show_changes_editor="0" app_title="released version %M.%m.%b of %p" changeslog_path="ChangesLog.txt" />
			</AutoVersioning>
		</Extensions>
	</Project>
</CodeBlocks_project_file>
