// !$*UTF8*$!
{
	archiveVersion = 1;
	classes = {
	};
	objectVersion = 42;
	objects = {

/* Begin PBXBuildFile section */
		5590F20515022F1700E37CB8 /* SDL_image.framework in Frameworks */ = {isa = PBXBuildFile; fileRef = 5590F20415022F1700E37CB8 /* SDL_image.framework */; };
		55E6E7B30BEC8191006CE6DC /* SDL_mixer.framework in Frameworks */ = {isa = PBXBuildFile; fileRef = 55E6E7A90BEC8191006CE6DC /* SDL_mixer.framework */; };
		55E6E7DF0BEC81C8006CE6DC /* SDL.framework in Frameworks */ = {isa = PBXBuildFile; fileRef = 55E6E7B40BEC81C8006CE6DC /* SDL.framework */; };
		55E6E7E00BEC81D3006CE6DC /* SDL.framework in Copy Frameworks into .app bundle */ = {isa = PBXBuildFile; fileRef = 55E6E7B40BEC81C8006CE6DC /* SDL.framework */; };
		55E6E7E20BEC81D3006CE6DC /* SDL_mixer.framework in Copy Frameworks into .app bundle */ = {isa = PBXBuildFile; fileRef = 55E6E7A90BEC8191006CE6DC /* SDL_mixer.framework */; };
		55F568061502430C003037B7 /* SDL_image.framework in Copy Frameworks into .app bundle */ = {isa = PBXBuildFile; fileRef = 5590F20415022F1700E37CB8 /* SDL_image.framework */; };
		55F5681115024468003037B7 /* arkanoidsb.icns in Resources */ = {isa = PBXBuildFile; fileRef = 55F5680C15024468003037B7 /* arkanoidsb.icns */; };
		55F5681215024468003037B7 /* arkanoidsb.pak in Resources */ = {isa = PBXBuildFile; fileRef = 55F5680D15024468003037B7 /* arkanoidsb.pak */; };
		55F5681315024468003037B7 /* module01.ogg in Resources */ = {isa = PBXBuildFile; fileRef = 55F5680E15024468003037B7 /* module01.ogg */; };
		55F5681415024468003037B7 /* module02.ogg in Resources */ = {isa = PBXBuildFile; fileRef = 55F5680F15024468003037B7 /* module02.ogg */; };
		55F5681515024468003037B7 /* module03.s3m in Resources */ = {isa = PBXBuildFile; fileRef = 55F5681015024468003037B7 /* module03.s3m */; };
		55F5684115024485003037B7 /* arkanoidsb.cpp in Sources */ = {isa = PBXBuildFile; fileRef = 55F5681715024485003037B7 /* arkanoidsb.cpp */; };
		55F5684215024485003037B7 /* arkanoidsbgame.cpp in Sources */ = {isa = PBXBuildFile; fileRef = 55F5681915024485003037B7 /* arkanoidsbgame.cpp */; };
		55F5684315024485003037B7 /* ball.cpp in Sources */ = {isa = PBXBuildFile; fileRef = 55F5681B15024485003037B7 /* ball.cpp */; };
		55F5684415024485003037B7 /* bonus.cpp in Sources */ = {isa = PBXBuildFile; fileRef = 55F5681D15024485003037B7 /* bonus.cpp */; };
		55F5684515024485003037B7 /* bullet.cpp in Sources */ = {isa = PBXBuildFile; fileRef = 55F5681F15024485003037B7 /* bullet.cpp */; };
		55F5684615024485003037B7 /* coolstring.cpp in Sources */ = {isa = PBXBuildFile; fileRef = 55F5682215024485003037B7 /* coolstring.cpp */; };
		55F5684715024485003037B7 /* energyhole.cpp in Sources */ = {isa = PBXBuildFile; fileRef = 55F5682415024485003037B7 /* energyhole.cpp */; };
		55F5684815024485003037B7 /* exploision.cpp in Sources */ = {isa = PBXBuildFile; fileRef = 55F5682615024485003037B7 /* exploision.cpp */; };
		55F5684915024485003037B7 /* generatelevel.cpp in Sources */ = {isa = PBXBuildFile; fileRef = 55F5682815024485003037B7 /* generatelevel.cpp */; };
		55F5684A15024485003037B7 /* glSDL.c in Sources */ = {isa = PBXBuildFile; fileRef = 55F5682A15024485003037B7 /* glSDL.c */; };
		55F5684B15024485003037B7 /* leveleditor.cpp in Sources */ = {isa = PBXBuildFile; fileRef = 55F5682C15024485003037B7 /* leveleditor.cpp */; };
		55F5684C15024485003037B7 /* mainmenu.cpp in Sources */ = {isa = PBXBuildFile; fileRef = 55F5682E15024485003037B7 /* mainmenu.cpp */; };
		55F5684D15024485003037B7 /* monster.cpp in Sources */ = {isa = PBXBuildFile; fileRef = 55F5683015024485003037B7 /* monster.cpp */; };
		55F5684E15024485003037B7 /* mystring.cpp in Sources */ = {isa = PBXBuildFile; fileRef = 55F5683215024485003037B7 /* mystring.cpp */; };
		55F5684F15024485003037B7 /* reminderdlg.cpp in Sources */ = {isa = PBXBuildFile; fileRef = 55F5683515024485003037B7 /* reminderdlg.cpp */; };
		55F5685015024485003037B7 /* resource.cpp in Sources */ = {isa = PBXBuildFile; fileRef = 55F5683715024485003037B7 /* resource.cpp */; };
		55F5685215024485003037B7 /* SDLMain.m in Sources */ = {isa = PBXBuildFile; fileRef = 55F5683B15024485003037B7 /* SDLMain.m */; };
		55F5685315024485003037B7 /* sinusstring.cpp in Sources */ = {isa = PBXBuildFile; fileRef = 55F5683C15024485003037B7 /* sinusstring.cpp */; };
		55F5685415024485003037B7 /* tutorialdlg.cpp in Sources */ = {isa = PBXBuildFile; fileRef = 55F5683E15024485003037B7 /* tutorialdlg.cpp */; };
		8D11072B0486CEB800E47090 /* InfoPlist.strings in Resources */ = {isa = PBXBuildFile; fileRef = 089C165CFE840E0CC02AAC07 /* InfoPlist.strings */; };
		8D11072F0486CEB800E47090 /* Cocoa.framework in Frameworks */ = {isa = PBXBuildFile; fileRef = 1058C7A1FEA54F0111CA2CBB /* Cocoa.framework */; };
/* End PBXBuildFile section */

/* Begin PBXCopyFilesBuildPhase section */
		002F39FD09D0883400EBEB88 /* Copy Frameworks into .app bundle */ = {
			isa = PBXCopyFilesBuildPhase;
			buildActionMask = 2147483647;
			dstPath = "";
			dstSubfolderSpec = 10;
			files = (
				55E6E7E00BEC81D3006CE6DC /* SDL.framework in Copy Frameworks into .app bundle */,
				55F568061502430C003037B7 /* SDL_image.framework in Copy Frameworks into .app bundle */,
				55E6E7E20BEC81D3006CE6DC /* SDL_mixer.framework in Copy Frameworks into .app bundle */,
			);
			name = "Copy Frameworks into .app bundle";
			runOnlyForDeploymentPostprocessing = 0;
		};
/* End PBXCopyFilesBuildPhase section */

/* Begin PBXFileReference section */
		089C165DFE840E0CC02AAC07 /* English */ = {isa = PBXFileReference; fileEncoding = 10; lastKnownFileType = text.plist.strings; name = English; path = English.lproj/InfoPlist.strings; sourceTree = "<group>"; };
		1058C7A1FEA54F0111CA2CBB /* Cocoa.framework */ = {isa = PBXFileReference; lastKnownFileType = wrapper.framework; name = Cocoa.framework; path = /System/Library/Frameworks/Cocoa.framework; sourceTree = "<absolute>"; };
		29B97324FDCFA39411CA2CEA /* AppKit.framework */ = {isa = PBXFileReference; lastKnownFileType = wrapper.framework; name = AppKit.framework; path = /System/Library/Frameworks/AppKit.framework; sourceTree = "<absolute>"; };
		29B97325FDCFA39411CA2CEA /* Foundation.framework */ = {isa = PBXFileReference; lastKnownFileType = wrapper.framework; name = Foundation.framework; path = /System/Library/Frameworks/Foundation.framework; sourceTree = "<absolute>"; };
		5590F20415022F1700E37CB8 /* SDL_image.framework */ = {isa = PBXFileReference; lastKnownFileType = wrapper.framework; name = SDL_image.framework; path = Library/Frameworks/SDL_image.framework; sourceTree = SDKROOT; };
		55E6E7A90BEC8191006CE6DC /* SDL_mixer.framework */ = {isa = PBXFileReference; lastKnownFileType = wrapper.framework; name = SDL_mixer.framework; path = /Library/Frameworks/SDL_mixer.framework; sourceTree = "<absolute>"; };
		55E6E7B40BEC81C8006CE6DC /* SDL.framework */ = {isa = PBXFileReference; lastKnownFileType = wrapper.framework; name = SDL.framework; path = /Library/Frameworks/SDL.framework; sourceTree = "<absolute>"; };
		55F5680C15024468003037B7 /* arkanoidsb.icns */ = {isa = PBXFileReference; lastKnownFileType = image.icns; name = arkanoidsb.icns; path = ../../res/arkanoidsb.icns; sourceTree = "<group>"; };
		55F5680D15024468003037B7 /* arkanoidsb.pak */ = {isa = PBXFileReference; lastKnownFileType = file; name = arkanoidsb.pak; path = ../../res/arkanoidsb.pak; sourceTree = "<group>"; };
		55F5680E15024468003037B7 /* module01.ogg */ = {isa = PBXFileReference; lastKnownFileType = file; name = module01.ogg; path = ../../res/module01.ogg; sourceTree = "<group>"; };
		55F5680F15024468003037B7 /* module02.ogg */ = {isa = PBXFileReference; lastKnownFileType = file; name = module02.ogg; path = ../../res/module02.ogg; sourceTree = "<group>"; };
		55F5681015024468003037B7 /* module03.s3m */ = {isa = PBXFileReference; lastKnownFileType = file; name = module03.s3m; path = ../../res/module03.s3m; sourceTree = "<group>"; };
		55F5681715024485003037B7 /* arkanoidsb.cpp */ = {isa = PBXFileReference; fileEncoding = 4; lastKnownFileType = sourcecode.cpp.cpp; path = arkanoidsb.cpp; sourceTree = "<group>"; };
		55F5681815024485003037B7 /* arkanoidsb.h */ = {isa = PBXFileReference; fileEncoding = 4; lastKnownFileType = sourcecode.c.h; path = arkanoidsb.h; sourceTree = "<group>"; };
		55F5681915024485003037B7 /* arkanoidsbgame.cpp */ = {isa = PBXFileReference; fileEncoding = 4; lastKnownFileType = sourcecode.cpp.cpp; path = arkanoidsbgame.cpp; sourceTree = "<group>"; };
		55F5681A15024485003037B7 /* arkanoidsbgame.h */ = {isa = PBXFileReference; fileEncoding = 4; lastKnownFileType = sourcecode.c.h; path = arkanoidsbgame.h; sourceTree = "<group>"; };
		55F5681B15024485003037B7 /* ball.cpp */ = {isa = PBXFileReference; fileEncoding = 4; lastKnownFileType = sourcecode.cpp.cpp; path = ball.cpp; sourceTree = "<group>"; };
		55F5681C15024485003037B7 /* ball.h */ = {isa = PBXFileReference; fileEncoding = 4; lastKnownFileType = sourcecode.c.h; path = ball.h; sourceTree = "<group>"; };
		55F5681D15024485003037B7 /* bonus.cpp */ = {isa = PBXFileReference; fileEncoding = 4; lastKnownFileType = sourcecode.cpp.cpp; path = bonus.cpp; sourceTree = "<group>"; };
		55F5681E15024485003037B7 /* bonus.h */ = {isa = PBXFileReference; fileEncoding = 4; lastKnownFileType = sourcecode.c.h; path = bonus.h; sourceTree = "<group>"; };
		55F5681F15024485003037B7 /* bullet.cpp */ = {isa = PBXFileReference; fileEncoding = 4; lastKnownFileType = sourcecode.cpp.cpp; path = bullet.cpp; sourceTree = "<group>"; };
		55F5682015024485003037B7 /* bullet.h */ = {isa = PBXFileReference; fileEncoding = 4; lastKnownFileType = sourcecode.c.h; path = bullet.h; sourceTree = "<group>"; };
		55F5682115024485003037B7 /* coolfont.hpp */ = {isa = PBXFileReference; fileEncoding = 4; lastKnownFileType = sourcecode.cpp.h; path = coolfont.hpp; sourceTree = "<group>"; };
		55F5682215024485003037B7 /* coolstring.cpp */ = {isa = PBXFileReference; fileEncoding = 4; lastKnownFileType = sourcecode.cpp.cpp; path = coolstring.cpp; sourceTree = "<group>"; };
		55F5682315024485003037B7 /* coolstring.h */ = {isa = PBXFileReference; fileEncoding = 4; lastKnownFileType = sourcecode.c.h; path = coolstring.h; sourceTree = "<group>"; };
		55F5682415024485003037B7 /* energyhole.cpp */ = {isa = PBXFileReference; fileEncoding = 4; lastKnownFileType = sourcecode.cpp.cpp; path = energyhole.cpp; sourceTree = "<group>"; };
		55F5682515024485003037B7 /* energyhole.h */ = {isa = PBXFileReference; fileEncoding = 4; lastKnownFileType = sourcecode.c.h; path = energyhole.h; sourceTree = "<group>"; };
		55F5682615024485003037B7 /* exploision.cpp */ = {isa = PBXFileReference; fileEncoding = 4; lastKnownFileType = sourcecode.cpp.cpp; path = exploision.cpp; sourceTree = "<group>"; };
		55F5682715024485003037B7 /* exploision.h */ = {isa = PBXFileReference; fileEncoding = 4; lastKnownFileType = sourcecode.c.h; path = exploision.h; sourceTree = "<group>"; };
		55F5682815024485003037B7 /* generatelevel.cpp */ = {isa = PBXFileReference; fileEncoding = 4; lastKnownFileType = sourcecode.cpp.cpp; path = generatelevel.cpp; sourceTree = "<group>"; };
		55F5682915024485003037B7 /* generatelevel.h */ = {isa = PBXFileReference; fileEncoding = 4; lastKnownFileType = sourcecode.c.h; path = generatelevel.h; sourceTree = "<group>"; };
		55F5682A15024485003037B7 /* glSDL.c */ = {isa = PBXFileReference; fileEncoding = 4; lastKnownFileType = sourcecode.c.c; path = glSDL.c; sourceTree = "<group>"; };
		55F5682B15024485003037B7 /* glSDL.h */ = {isa = PBXFileReference; fileEncoding = 4; lastKnownFileType = sourcecode.c.h; path = glSDL.h; sourceTree = "<group>"; };
		55F5682C15024485003037B7 /* leveleditor.cpp */ = {isa = PBXFileReference; fileEncoding = 4; lastKnownFileType = sourcecode.cpp.cpp; path = leveleditor.cpp; sourceTree = "<group>"; };
		55F5682D15024485003037B7 /* leveleditor.h */ = {isa = PBXFileReference; fileEncoding = 4; lastKnownFileType = sourcecode.c.h; path = leveleditor.h; sourceTree = "<group>"; };
		55F5682E15024485003037B7 /* mainmenu.cpp */ = {isa = PBXFileReference; fileEncoding = 4; lastKnownFileType = sourcecode.cpp.cpp; path = mainmenu.cpp; sourceTree = "<group>"; };
		55F5682F15024485003037B7 /* mainmenu.h */ = {isa = PBXFileReference; fileEncoding = 4; lastKnownFileType = sourcecode.c.h; path = mainmenu.h; sourceTree = "<group>"; };
		55F5683015024485003037B7 /* monster.cpp */ = {isa = PBXFileReference; fileEncoding = 4; lastKnownFileType = sourcecode.cpp.cpp; path = monster.cpp; sourceTree = "<group>"; };
		55F5683115024485003037B7 /* monster.h */ = {isa = PBXFileReference; fileEncoding = 4; lastKnownFileType = sourcecode.c.h; path = monster.h; sourceTree = "<group>"; };
		55F5683215024485003037B7 /* mystring.cpp */ = {isa = PBXFileReference; fileEncoding = 4; lastKnownFileType = sourcecode.cpp.cpp; path = mystring.cpp; sourceTree = "<group>"; };
		55F5683315024485003037B7 /* mystring.h */ = {isa = PBXFileReference; fileEncoding = 4; lastKnownFileType = sourcecode.c.h; path = mystring.h; sourceTree = "<group>"; };
		55F5683415024485003037B7 /* random.h */ = {isa = PBXFileReference; fileEncoding = 4; lastKnownFileType = sourcecode.c.h; path = random.h; sourceTree = "<group>"; };
		55F5683515024485003037B7 /* reminderdlg.cpp */ = {isa = PBXFileReference; fileEncoding = 4; lastKnownFileType = sourcecode.cpp.cpp; path = reminderdlg.cpp; sourceTree = "<group>"; };
		55F5683615024485003037B7 /* reminderdlg.h */ = {isa = PBXFileReference; fileEncoding = 4; lastKnownFileType = sourcecode.c.h; path = reminderdlg.h; sourceTree = "<group>"; };
		55F5683715024485003037B7 /* resource.cpp */ = {isa = PBXFileReference; fileEncoding = 4; lastKnownFileType = sourcecode.cpp.cpp; path = resource.cpp; sourceTree = "<group>"; };
		55F5683815024485003037B7 /* resource.h */ = {isa = PBXFileReference; fileEncoding = 4; lastKnownFileType = sourcecode.c.h; path = resource.h; sourceTree = "<group>"; };
		55F5683A15024485003037B7 /* SDLMain.h */ = {isa = PBXFileReference; fileEncoding = 4; lastKnownFileType = sourcecode.c.h; path = SDLMain.h; sourceTree = "<group>"; };
		55F5683B15024485003037B7 /* SDLMain.m */ = {isa = PBXFileReference; fileEncoding = 4; lastKnownFileType = sourcecode.c.objc; path = SDLMain.m; sourceTree = "<group>"; };
		55F5683C15024485003037B7 /* sinusstring.cpp */ = {isa = PBXFileReference; fileEncoding = 4; lastKnownFileType = sourcecode.cpp.cpp; path = sinusstring.cpp; sourceTree = "<group>"; };
		55F5683D15024485003037B7 /* sinusstring.h */ = {isa = PBXFileReference; fileEncoding = 4; lastKnownFileType = sourcecode.c.h; path = sinusstring.h; sourceTree = "<group>"; };
		55F5683E15024485003037B7 /* tutorialdlg.cpp */ = {isa = PBXFileReference; fileEncoding = 4; lastKnownFileType = sourcecode.cpp.cpp; path = tutorialdlg.cpp; sourceTree = "<group>"; };
		55F5683F15024485003037B7 /* tutorialdlg.h */ = {isa = PBXFileReference; fileEncoding = 4; lastKnownFileType = sourcecode.c.h; path = tutorialdlg.h; sourceTree = "<group>"; };
		55F5684015024485003037B7 /* version.h */ = {isa = PBXFileReference; fileEncoding = 4; lastKnownFileType = sourcecode.c.h; path = version.h; sourceTree = "<group>"; };
		8D1107310486CEB800E47090 /* Info.plist */ = {isa = PBXFileReference; fileEncoding = 4; lastKnownFileType = text.plist; path = Info.plist; sourceTree = "<group>"; };
		8D1107320486CEB800E47090 /* arkanoidsb.app */ = {isa = PBXFileReference; explicitFileType = wrapper.application; includeInIndex = 0; path = arkanoidsb.app; sourceTree = BUILT_PRODUCTS_DIR; };
/* End PBXFileReference section */

/* Begin PBXFrameworksBuildPhase section */
		8D11072E0486CEB800E47090 /* Frameworks */ = {
			isa = PBXFrameworksBuildPhase;
			buildActionMask = 2147483647;
			files = (
				8D11072F0486CEB800E47090 /* Cocoa.framework in Frameworks */,
				55E6E7DF0BEC81C8006CE6DC /* SDL.framework in Frameworks */,
				5590F20515022F1700E37CB8 /* SDL_image.framework in Frameworks */,
				55E6E7B30BEC8191006CE6DC /* SDL_mixer.framework in Frameworks */,
			);
			runOnlyForDeploymentPostprocessing = 0;
		};
/* End PBXFrameworksBuildPhase section */

/* Begin PBXGroup section */
		1058C7A0FEA54F0111CA2CBB /* Linked Frameworks */ = {
			isa = PBXGroup;
			children = (
				5590F20415022F1700E37CB8 /* SDL_image.framework */,
				55E6E7B40BEC81C8006CE6DC /* SDL.framework */,
				55E6E7A90BEC8191006CE6DC /* SDL_mixer.framework */,
				1058C7A1FEA54F0111CA2CBB /* Cocoa.framework */,
			);
			name = "Linked Frameworks";
			sourceTree = "<group>";
		};
		1058C7A2FEA54F0111CA2CBB /* Other Frameworks */ = {
			isa = PBXGroup;
			children = (
				29B97324FDCFA39411CA2CEA /* AppKit.framework */,
				29B97325FDCFA39411CA2CEA /* Foundation.framework */,
			);
			name = "Other Frameworks";
			sourceTree = "<group>";
		};
		19C28FACFE9D520D11CA2CBB /* Products */ = {
			isa = PBXGroup;
			children = (
				8D1107320486CEB800E47090 /* arkanoidsb.app */,
			);
			name = Products;
			sourceTree = "<group>";
		};
		29B97314FDCFA39411CA2CEA /* arkanoidsb */ = {
			isa = PBXGroup;
			children = (
				55F5681615024485003037B7 /* src */,
				29B97317FDCFA39411CA2CEA /* Resources */,
				29B97323FDCFA39411CA2CEA /* Frameworks */,
				19C28FACFE9D520D11CA2CBB /* Products */,
			);
			name = arkanoidsb;
			sourceTree = "<group>";
		};
		29B97317FDCFA39411CA2CEA /* Resources */ = {
			isa = PBXGroup;
			children = (
				55F5680C15024468003037B7 /* arkanoidsb.icns */,
				55F5680D15024468003037B7 /* arkanoidsb.pak */,
				55F5680E15024468003037B7 /* module01.ogg */,
				55F5680F15024468003037B7 /* module02.ogg */,
				55F5681015024468003037B7 /* module03.s3m */,
				8D1107310486CEB800E47090 /* Info.plist */,
				089C165CFE840E0CC02AAC07 /* InfoPlist.strings */,
			);
			name = Resources;
			sourceTree = "<group>";
		};
		29B97323FDCFA39411CA2CEA /* Frameworks */ = {
			isa = PBXGroup;
			children = (
				1058C7A0FEA54F0111CA2CBB /* Linked Frameworks */,
				1058C7A2FEA54F0111CA2CBB /* Other Frameworks */,
			);
			name = Frameworks;
			sourceTree = "<group>";
		};
		55F5681615024485003037B7 /* src */ = {
			isa = PBXGroup;
			children = (
				55F5681715024485003037B7 /* arkanoidsb.cpp */,
				55F5681815024485003037B7 /* arkanoidsb.h */,
				55F5681915024485003037B7 /* arkanoidsbgame.cpp */,
				55F5681A15024485003037B7 /* arkanoidsbgame.h */,
				55F5681B15024485003037B7 /* ball.cpp */,
				55F5681C15024485003037B7 /* ball.h */,
				55F5681D15024485003037B7 /* bonus.cpp */,
				55F5681E15024485003037B7 /* bonus.h */,
				55F5681F15024485003037B7 /* bullet.cpp */,
				55F5682015024485003037B7 /* bullet.h */,
				55F5682115024485003037B7 /* coolfont.hpp */,
				55F5682215024485003037B7 /* coolstring.cpp */,
				55F5682315024485003037B7 /* coolstring.h */,
				55F5682415024485003037B7 /* energyhole.cpp */,
				55F5682515024485003037B7 /* energyhole.h */,
				55F5682615024485003037B7 /* exploision.cpp */,
				55F5682715024485003037B7 /* exploision.h */,
				55F5682815024485003037B7 /* generatelevel.cpp */,
				55F5682915024485003037B7 /* generatelevel.h */,
				55F5682A15024485003037B7 /* glSDL.c */,
				55F5682B15024485003037B7 /* glSDL.h */,
				55F5682C15024485003037B7 /* leveleditor.cpp */,
				55F5682D15024485003037B7 /* leveleditor.h */,
				55F5682E15024485003037B7 /* mainmenu.cpp */,
				55F5682F15024485003037B7 /* mainmenu.h */,
				55F5683015024485003037B7 /* monster.cpp */,
				55F5683115024485003037B7 /* monster.h */,
				55F5683215024485003037B7 /* mystring.cpp */,
				55F5683315024485003037B7 /* mystring.h */,
				55F5683415024485003037B7 /* random.h */,
				55F5683515024485003037B7 /* reminderdlg.cpp */,
				55F5683615024485003037B7 /* reminderdlg.h */,
				55F5683715024485003037B7 /* resource.cpp */,
				55F5683815024485003037B7 /* resource.h */,
				55F5683A15024485003037B7 /* SDLMain.h */,
				55F5683B15024485003037B7 /* SDLMain.m */,
				55F5683C15024485003037B7 /* sinusstring.cpp */,
				55F5683D15024485003037B7 /* sinusstring.h */,
				55F5683E15024485003037B7 /* tutorialdlg.cpp */,
				55F5683F15024485003037B7 /* tutorialdlg.h */,
				55F5684015024485003037B7 /* version.h */,
			);
			name = src;
			path = ../../src;
			sourceTree = "<group>";
		};
/* End PBXGroup section */

/* Begin PBXNativeTarget section */
		8D1107260486CEB800E47090 /* arkanoidsb */ = {
			isa = PBXNativeTarget;
			buildConfigurationList = C01FCF4A08A954540054247B /* Build configuration list for PBXNativeTarget "arkanoidsb" */;
			buildPhases = (
				8D1107290486CEB800E47090 /* Resources */,
				8D11072C0486CEB800E47090 /* Sources */,
				8D11072E0486CEB800E47090 /* Frameworks */,
				002F39FD09D0883400EBEB88 /* Copy Frameworks into .app bundle */,
			);
			buildRules = (
			);
			dependencies = (
			);
			name = arkanoidsb;
			productInstallPath = "$(HOME)/Applications";
			productName = arkanoidsb;
			productReference = 8D1107320486CEB800E47090 /* arkanoidsb.app */;
			productType = "com.apple.product-type.application";
		};
/* End PBXNativeTarget section */

/* Begin PBXProject section */
		29B97313FDCFA39411CA2CEA /* Project object */ = {
			isa = PBXProject;
			buildConfigurationList = C01FCF4E08A954540054247B /* Build configuration list for PBXProject "arkanoidsb" */;
			compatibilityVersion = "Xcode 2.4";
			developmentRegion = English;
			hasScannedForEncodings = 1;
			knownRegions = (
				en,
			);
			mainGroup = 29B97314FDCFA39411CA2CEA /* arkanoidsb */;
			projectDirPath = "";
			projectRoot = "";
			targets = (
				8D1107260486CEB800E47090 /* arkanoidsb */,
			);
		};
/* End PBXProject section */

/* Begin PBXResourcesBuildPhase section */
		8D1107290486CEB800E47090 /* Resources */ = {
			isa = PBXResourcesBuildPhase;
			buildActionMask = 2147483647;
			files = (
				8D11072B0486CEB800E47090 /* InfoPlist.strings in Resources */,
				55F5681115024468003037B7 /* arkanoidsb.icns in Resources */,
				55F5681215024468003037B7 /* arkanoidsb.pak in Resources */,
				55F5681315024468003037B7 /* module01.ogg in Resources */,
				55F5681415024468003037B7 /* module02.ogg in Resources */,
				55F5681515024468003037B7 /* module03.s3m in Resources */,
			);
			runOnlyForDeploymentPostprocessing = 0;
		};
/* End PBXResourcesBuildPhase section */

/* Begin PBXSourcesBuildPhase section */
		8D11072C0486CEB800E47090 /* Sources */ = {
			isa = PBXSourcesBuildPhase;
			buildActionMask = 2147483647;
			files = (
				55F5684115024485003037B7 /* arkanoidsb.cpp in Sources */,
				55F5684215024485003037B7 /* arkanoidsbgame.cpp in Sources */,
				55F5684315024485003037B7 /* ball.cpp in Sources */,
				55F5684415024485003037B7 /* bonus.cpp in Sources */,
				55F5684515024485003037B7 /* bullet.cpp in Sources */,
				55F5684615024485003037B7 /* coolstring.cpp in Sources */,
				55F5684715024485003037B7 /* energyhole.cpp in Sources */,
				55F5684815024485003037B7 /* exploision.cpp in Sources */,
				55F5684915024485003037B7 /* generatelevel.cpp in Sources */,
				55F5684A15024485003037B7 /* glSDL.c in Sources */,
				55F5684B15024485003037B7 /* leveleditor.cpp in Sources */,
				55F5684C15024485003037B7 /* mainmenu.cpp in Sources */,
				55F5684D15024485003037B7 /* monster.cpp in Sources */,
				55F5684E15024485003037B7 /* mystring.cpp in Sources */,
				55F5684F15024485003037B7 /* reminderdlg.cpp in Sources */,
				55F5685015024485003037B7 /* resource.cpp in Sources */,
				55F5685215024485003037B7 /* SDLMain.m in Sources */,
				55F5685315024485003037B7 /* sinusstring.cpp in Sources */,
				55F5685415024485003037B7 /* tutorialdlg.cpp in Sources */,
			);
			runOnlyForDeploymentPostprocessing = 0;
		};
/* End PBXSourcesBuildPhase section */

/* Begin PBXVariantGroup section */
		089C165CFE840E0CC02AAC07 /* InfoPlist.strings */ = {
			isa = PBXVariantGroup;
			children = (
				089C165DFE840E0CC02AAC07 /* English */,
			);
			name = InfoPlist.strings;
			sourceTree = "<group>";
		};
/* End PBXVariantGroup section */

/* Begin XCBuildConfiguration section */
		C01FCF4B08A954540054247B /* Debug */ = {
			isa = XCBuildConfiguration;
			buildSettings = {
				COPY_PHASE_STRIP = NO;
				GCC_DYNAMIC_NO_PIC = NO;
				GCC_ENABLE_FIX_AND_CONTINUE = YES;
				GCC_MODEL_TUNING = G5;
				GCC_OPTIMIZATION_LEVEL = 0;
				INFOPLIST_FILE = Info.plist;
				MACOSX_DEPLOYMENT_TARGET = 10.4;
				WRAPPER_EXTENSION = app;
				ZERO_LINK = YES;
			};
			name = Debug;
		};
		C01FCF4C08A954540054247B /* Release */ = {
			isa = XCBuildConfiguration;
			buildSettings = {
				GCC_GENERATE_DEBUGGING_SYMBOLS = NO;
				GCC_MODEL_TUNING = G5;
				INFOPLIST_FILE = Info.plist;
				MACOSX_DEPLOYMENT_TARGET = 10.4;
				WRAPPER_EXTENSION = app;
			};
			name = Release;
		};
		C01FCF4F08A954540054247B /* Debug */ = {
			isa = XCBuildConfiguration;
			buildSettings = {
				ARCHS = "$(ARCHS_STANDARD_32_64_BIT_PRE_XCODE_3_1)";
				ARCHS_STANDARD_32_64_BIT_PRE_XCODE_3_1 = "x86_64 i386 ppc";
				FRAMEWORK_SEARCH_PATHS = (
					/Library/Frameworks,
					"$(FRAMEWORK_SEARCH_PATHS)",
				);
				GCC_WARN_ABOUT_RETURN_TYPE = YES;
				GCC_WARN_UNUSED_VARIABLE = YES;
				HEADER_SEARCH_PATHS = (
					/Library/Frameworks/SDL.framework/Headers,
					/Library/Frameworks/SDL_image.framework/Headers,
					/Library/Frameworks/SDL_mixer.framework/Headers,
					"$(HEADER_SEARCH_PATHS)",
				);
				INSTALL_PATH = "$(HOME)/Applications";
				PREBINDING = NO;
				PRODUCT_NAME = arkanoidsb;
				SDKROOT = macosx;
			};
			name = Debug;
		};
		C01FCF5008A954540054247B /* Release */ = {
			isa = XCBuildConfiguration;
			buildSettings = {
				ARCHS = "$(ARCHS_STANDARD_32_64_BIT_PRE_XCODE_3_1)";
				ARCHS_STANDARD_32_64_BIT_PRE_XCODE_3_1 = "x86_64 i386 ppc";
				FRAMEWORK_SEARCH_PATHS = (
					/Library/Frameworks,
					"$(FRAMEWORK_SEARCH_PATHS)",
				);
				GCC_WARN_ABOUT_RETURN_TYPE = YES;
				GCC_WARN_UNUSED_VARIABLE = YES;
				HEADER_SEARCH_PATHS = (
					/Library/Frameworks/SDL.framework/Headers,
					/Library/Frameworks/SDL_image.framework/Headers,
					/Library/Frameworks/SDL_mixer.framework/Headers,
					"$(HEADER_SEARCH_PATHS)",
				);
				INSTALL_PATH = "$(HOME)/Applications";
				PREBINDING = NO;
				PRODUCT_NAME = arkanoidsb;
				SDKROOT = macosx;
			};
			name = Release;
		};
/* End XCBuildConfiguration section */

/* Begin XCConfigurationList section */
		C01FCF4A08A954540054247B /* Build configuration list for PBXNativeTarget "arkanoidsb" */ = {
			isa = XCConfigurationList;
			buildConfigurations = (
				C01FCF4B08A954540054247B /* Debug */,
				C01FCF4C08A954540054247B /* Release */,
			);
			defaultConfigurationIsVisible = 0;
			defaultConfigurationName = Release;
		};
		C01FCF4E08A954540054247B /* Build configuration list for PBXProject "arkanoidsb" */ = {
			isa = XCConfigurationList;
			buildConfigurations = (
				C01FCF4F08A954540054247B /* Debug */,
				C01FCF5008A954540054247B /* Release */,
			);
			defaultConfigurationIsVisible = 0;
			defaultConfigurationName = Release;
		};
/* End XCConfigurationList section */
	};
	rootObject = 29B97313FDCFA39411CA2CEA /* Project object */;
}
