// !$*UTF8*$!
{
	archiveVersion = 1;
	classes = {
	};
	objectVersion = 46;
	objects = {

/* Begin PBXBuildFile section */
		55BD393A1D0053EB00D43FAF /* arkanoidsb.cpp in Sources */ = {isa = PBXBuildFile; fileRef = 55BD39141D0053EB00D43FAF /* arkanoidsb.cpp */; };
		55BD393B1D0053EB00D43FAF /* arkanoidsbgame.cpp in Sources */ = {isa = PBXBuildFile; fileRef = 55BD39161D0053EB00D43FAF /* arkanoidsbgame.cpp */; };
		55BD393C1D0053EB00D43FAF /* ball.cpp in Sources */ = {isa = PBXBuildFile; fileRef = 55BD39181D0053EB00D43FAF /* ball.cpp */; };
		55BD393D1D0053EB00D43FAF /* bonus.cpp in Sources */ = {isa = PBXBuildFile; fileRef = 55BD391A1D0053EB00D43FAF /* bonus.cpp */; };
		55BD393E1D0053EB00D43FAF /* bullet.cpp in Sources */ = {isa = PBXBuildFile; fileRef = 55BD391C1D0053EB00D43FAF /* bullet.cpp */; };
		55BD393F1D0053EB00D43FAF /* coolstring.cpp in Sources */ = {isa = PBXBuildFile; fileRef = 55BD391F1D0053EB00D43FAF /* coolstring.cpp */; };
		55BD39401D0053EB00D43FAF /* energyhole.cpp in Sources */ = {isa = PBXBuildFile; fileRef = 55BD39211D0053EB00D43FAF /* energyhole.cpp */; };
		55BD39411D0053EB00D43FAF /* exploision.cpp in Sources */ = {isa = PBXBuildFile; fileRef = 55BD39231D0053EB00D43FAF /* exploision.cpp */; };
		55BD39421D0053EB00D43FAF /* generatelevel.cpp in Sources */ = {isa = PBXBuildFile; fileRef = 55BD39251D0053EB00D43FAF /* generatelevel.cpp */; };
		55BD39431D0053EB00D43FAF /* glSDL.c in Sources */ = {isa = PBXBuildFile; fileRef = 55BD39271D0053EB00D43FAF /* glSDL.c */; };
		55BD39441D0053EB00D43FAF /* leveleditor.cpp in Sources */ = {isa = PBXBuildFile; fileRef = 55BD39291D0053EB00D43FAF /* leveleditor.cpp */; };
		55BD39451D0053EB00D43FAF /* mainmenu.cpp in Sources */ = {isa = PBXBuildFile; fileRef = 55BD392B1D0053EB00D43FAF /* mainmenu.cpp */; };
		55BD39461D0053EB00D43FAF /* monster.cpp in Sources */ = {isa = PBXBuildFile; fileRef = 55BD392D1D0053EB00D43FAF /* monster.cpp */; };
		55BD39471D0053EB00D43FAF /* mystring.cpp in Sources */ = {isa = PBXBuildFile; fileRef = 55BD392F1D0053EB00D43FAF /* mystring.cpp */; };
		55BD39481D0053EB00D43FAF /* resource.cpp in Sources */ = {isa = PBXBuildFile; fileRef = 55BD39321D0053EB00D43FAF /* resource.cpp */; };
		55BD39491D0053EB00D43FAF /* SDLMain.m in Sources */ = {isa = PBXBuildFile; fileRef = 55BD39351D0053EB00D43FAF /* SDLMain.m */; };
		55BD394A1D0053EB00D43FAF /* sinusstring.cpp in Sources */ = {isa = PBXBuildFile; fileRef = 55BD39361D0053EB00D43FAF /* sinusstring.cpp */; };
		55BD394B1D0053EB00D43FAF /* tutorialdlg.cpp in Sources */ = {isa = PBXBuildFile; fileRef = 55BD39381D0053EB00D43FAF /* tutorialdlg.cpp */; };
		55BD394F1D00B9C600D43FAF /* Images.xcassets in Resources */ = {isa = PBXBuildFile; fileRef = 55BD394E1D00B9C600D43FAF /* Images.xcassets */; };
		55BD39511D00CC6100D43FAF /* arkanoidsb.pak in Resources */ = {isa = PBXBuildFile; fileRef = 55BD39501D00CC6100D43FAF /* arkanoidsb.pak */; };
/* End PBXBuildFile section */

/* Begin PBXFileReference section */
		559F04DA1D004B61002552D7 /* Arkanoid Space Ball.app */ = {isa = PBXFileReference; explicitFileType = wrapper.application; includeInIndex = 0; path = "Arkanoid Space Ball.app"; sourceTree = BUILT_PRODUCTS_DIR; };
		559F04E81D004B61002552D7 /* Info.plist */ = {isa = PBXFileReference; lastKnownFileType = text.plist.xml; path = Info.plist; sourceTree = "<group>"; };
		55BD39141D0053EB00D43FAF /* arkanoidsb.cpp */ = {isa = PBXFileReference; fileEncoding = 4; lastKnownFileType = sourcecode.cpp.cpp; name = arkanoidsb.cpp; path = ../../src/arkanoidsb.cpp; sourceTree = "<group>"; };
		55BD39151D0053EB00D43FAF /* arkanoidsb.h */ = {isa = PBXFileReference; fileEncoding = 4; lastKnownFileType = sourcecode.c.h; name = arkanoidsb.h; path = ../../src/arkanoidsb.h; sourceTree = "<group>"; };
		55BD39161D0053EB00D43FAF /* arkanoidsbgame.cpp */ = {isa = PBXFileReference; fileEncoding = 4; lastKnownFileType = sourcecode.cpp.cpp; name = arkanoidsbgame.cpp; path = ../../src/arkanoidsbgame.cpp; sourceTree = "<group>"; };
		55BD39171D0053EB00D43FAF /* arkanoidsbgame.h */ = {isa = PBXFileReference; fileEncoding = 4; lastKnownFileType = sourcecode.c.h; name = arkanoidsbgame.h; path = ../../src/arkanoidsbgame.h; sourceTree = "<group>"; };
		55BD39181D0053EB00D43FAF /* ball.cpp */ = {isa = PBXFileReference; fileEncoding = 4; lastKnownFileType = sourcecode.cpp.cpp; name = ball.cpp; path = ../../src/ball.cpp; sourceTree = "<group>"; };
		55BD39191D0053EB00D43FAF /* ball.h */ = {isa = PBXFileReference; fileEncoding = 4; lastKnownFileType = sourcecode.c.h; name = ball.h; path = ../../src/ball.h; sourceTree = "<group>"; };
		55BD391A1D0053EB00D43FAF /* bonus.cpp */ = {isa = PBXFileReference; fileEncoding = 4; lastKnownFileType = sourcecode.cpp.cpp; name = bonus.cpp; path = ../../src/bonus.cpp; sourceTree = "<group>"; };
		55BD391B1D0053EB00D43FAF /* bonus.h */ = {isa = PBXFileReference; fileEncoding = 4; lastKnownFileType = sourcecode.c.h; name = bonus.h; path = ../../src/bonus.h; sourceTree = "<group>"; };
		55BD391C1D0053EB00D43FAF /* bullet.cpp */ = {isa = PBXFileReference; fileEncoding = 4; lastKnownFileType = sourcecode.cpp.cpp; name = bullet.cpp; path = ../../src/bullet.cpp; sourceTree = "<group>"; };
		55BD391D1D0053EB00D43FAF /* bullet.h */ = {isa = PBXFileReference; fileEncoding = 4; lastKnownFileType = sourcecode.c.h; name = bullet.h; path = ../../src/bullet.h; sourceTree = "<group>"; };
		55BD391E1D0053EB00D43FAF /* coolfont.hpp */ = {isa = PBXFileReference; fileEncoding = 4; lastKnownFileType = sourcecode.cpp.h; name = coolfont.hpp; path = ../../src/coolfont.hpp; sourceTree = "<group>"; };
		55BD391F1D0053EB00D43FAF /* coolstring.cpp */ = {isa = PBXFileReference; fileEncoding = 4; lastKnownFileType = sourcecode.cpp.cpp; name = coolstring.cpp; path = ../../src/coolstring.cpp; sourceTree = "<group>"; };
		55BD39201D0053EB00D43FAF /* coolstring.h */ = {isa = PBXFileReference; fileEncoding = 4; lastKnownFileType = sourcecode.c.h; name = coolstring.h; path = ../../src/coolstring.h; sourceTree = "<group>"; };
		55BD39211D0053EB00D43FAF /* energyhole.cpp */ = {isa = PBXFileReference; fileEncoding = 4; lastKnownFileType = sourcecode.cpp.cpp; name = energyhole.cpp; path = ../../src/energyhole.cpp; sourceTree = "<group>"; };
		55BD39221D0053EB00D43FAF /* energyhole.h */ = {isa = PBXFileReference; fileEncoding = 4; lastKnownFileType = sourcecode.c.h; name = energyhole.h; path = ../../src/energyhole.h; sourceTree = "<group>"; };
		55BD39231D0053EB00D43FAF /* exploision.cpp */ = {isa = PBXFileReference; fileEncoding = 4; lastKnownFileType = sourcecode.cpp.cpp; name = exploision.cpp; path = ../../src/exploision.cpp; sourceTree = "<group>"; };
		55BD39241D0053EB00D43FAF /* exploision.h */ = {isa = PBXFileReference; fileEncoding = 4; lastKnownFileType = sourcecode.c.h; name = exploision.h; path = ../../src/exploision.h; sourceTree = "<group>"; };
		55BD39251D0053EB00D43FAF /* generatelevel.cpp */ = {isa = PBXFileReference; fileEncoding = 4; lastKnownFileType = sourcecode.cpp.cpp; name = generatelevel.cpp; path = ../../src/generatelevel.cpp; sourceTree = "<group>"; };
		55BD39261D0053EB00D43FAF /* generatelevel.h */ = {isa = PBXFileReference; fileEncoding = 4; lastKnownFileType = sourcecode.c.h; name = generatelevel.h; path = ../../src/generatelevel.h; sourceTree = "<group>"; };
		55BD39271D0053EB00D43FAF /* glSDL.c */ = {isa = PBXFileReference; fileEncoding = 4; lastKnownFileType = sourcecode.c.c; name = glSDL.c; path = ../../src/glSDL.c; sourceTree = "<group>"; };
		55BD39281D0053EB00D43FAF /* glSDL.h */ = {isa = PBXFileReference; fileEncoding = 4; lastKnownFileType = sourcecode.c.h; name = glSDL.h; path = ../../src/glSDL.h; sourceTree = "<group>"; };
		55BD39291D0053EB00D43FAF /* leveleditor.cpp */ = {isa = PBXFileReference; fileEncoding = 4; lastKnownFileType = sourcecode.cpp.cpp; name = leveleditor.cpp; path = ../../src/leveleditor.cpp; sourceTree = "<group>"; };
		55BD392A1D0053EB00D43FAF /* leveleditor.h */ = {isa = PBXFileReference; fileEncoding = 4; lastKnownFileType = sourcecode.c.h; name = leveleditor.h; path = ../../src/leveleditor.h; sourceTree = "<group>"; };
		55BD392B1D0053EB00D43FAF /* mainmenu.cpp */ = {isa = PBXFileReference; fileEncoding = 4; lastKnownFileType = sourcecode.cpp.cpp; name = mainmenu.cpp; path = ../../src/mainmenu.cpp; sourceTree = "<group>"; };
		55BD392C1D0053EB00D43FAF /* mainmenu.h */ = {isa = PBXFileReference; fileEncoding = 4; lastKnownFileType = sourcecode.c.h; name = mainmenu.h; path = ../../src/mainmenu.h; sourceTree = "<group>"; };
		55BD392D1D0053EB00D43FAF /* monster.cpp */ = {isa = PBXFileReference; fileEncoding = 4; lastKnownFileType = sourcecode.cpp.cpp; name = monster.cpp; path = ../../src/monster.cpp; sourceTree = "<group>"; };
		55BD392E1D0053EB00D43FAF /* monster.h */ = {isa = PBXFileReference; fileEncoding = 4; lastKnownFileType = sourcecode.c.h; name = monster.h; path = ../../src/monster.h; sourceTree = "<group>"; };
		55BD392F1D0053EB00D43FAF /* mystring.cpp */ = {isa = PBXFileReference; fileEncoding = 4; lastKnownFileType = sourcecode.cpp.cpp; name = mystring.cpp; path = ../../src/mystring.cpp; sourceTree = "<group>"; };
		55BD39301D0053EB00D43FAF /* mystring.h */ = {isa = PBXFileReference; fileEncoding = 4; lastKnownFileType = sourcecode.c.h; name = mystring.h; path = ../../src/mystring.h; sourceTree = "<group>"; };
		55BD39311D0053EB00D43FAF /* random.h */ = {isa = PBXFileReference; fileEncoding = 4; lastKnownFileType = sourcecode.c.h; name = random.h; path = ../../src/random.h; sourceTree = "<group>"; };
		55BD39321D0053EB00D43FAF /* resource.cpp */ = {isa = PBXFileReference; fileEncoding = 4; lastKnownFileType = sourcecode.cpp.cpp; name = resource.cpp; path = ../../src/resource.cpp; sourceTree = "<group>"; };
		55BD39331D0053EB00D43FAF /* resource.h */ = {isa = PBXFileReference; fileEncoding = 4; lastKnownFileType = sourcecode.c.h; name = resource.h; path = ../../src/resource.h; sourceTree = "<group>"; };
		55BD39341D0053EB00D43FAF /* SDLMain.h */ = {isa = PBXFileReference; fileEncoding = 4; lastKnownFileType = sourcecode.c.h; name = SDLMain.h; path = ../../src/SDLMain.h; sourceTree = "<group>"; };
		55BD39351D0053EB00D43FAF /* SDLMain.m */ = {isa = PBXFileReference; fileEncoding = 4; lastKnownFileType = sourcecode.c.objc; name = SDLMain.m; path = ../../src/SDLMain.m; sourceTree = "<group>"; };
		55BD39361D0053EB00D43FAF /* sinusstring.cpp */ = {isa = PBXFileReference; fileEncoding = 4; lastKnownFileType = sourcecode.cpp.cpp; name = sinusstring.cpp; path = ../../src/sinusstring.cpp; sourceTree = "<group>"; };
		55BD39371D0053EB00D43FAF /* sinusstring.h */ = {isa = PBXFileReference; fileEncoding = 4; lastKnownFileType = sourcecode.c.h; name = sinusstring.h; path = ../../src/sinusstring.h; sourceTree = "<group>"; };
		55BD39381D0053EB00D43FAF /* tutorialdlg.cpp */ = {isa = PBXFileReference; fileEncoding = 4; lastKnownFileType = sourcecode.cpp.cpp; name = tutorialdlg.cpp; path = ../../src/tutorialdlg.cpp; sourceTree = "<group>"; };
		55BD39391D0053EB00D43FAF /* tutorialdlg.h */ = {isa = PBXFileReference; fileEncoding = 4; lastKnownFileType = sourcecode.c.h; name = tutorialdlg.h; path = ../../src/tutorialdlg.h; sourceTree = "<group>"; };
		55BD394E1D00B9C600D43FAF /* Images.xcassets */ = {isa = PBXFileReference; lastKnownFileType = folder.assetcatalog; name = Images.xcassets; path = "Arkanoid Space Ball/Images.xcassets"; sourceTree = SOURCE_ROOT; };
		55BD39501D00CC6100D43FAF /* arkanoidsb.pak */ = {isa = PBXFileReference; lastKnownFileType = file; name = arkanoidsb.pak; path = ../../../res/arkanoidsb.pak; sourceTree = "<group>"; };
/* End PBXFileReference section */

/* Begin PBXFrameworksBuildPhase section */
		559F04D71D004B61002552D7 /* Frameworks */ = {
			isa = PBXFrameworksBuildPhase;
			buildActionMask = 2147483647;
			files = (
			);
			runOnlyForDeploymentPostprocessing = 0;
		};
/* End PBXFrameworksBuildPhase section */

/* Begin PBXGroup section */
		559F04D11D004B61002552D7 = {
			isa = PBXGroup;
			children = (
				55BD39131D0053D300D43FAF /* src */,
				559F04DC1D004B61002552D7 /* Resources */,
				559F04DB1D004B61002552D7 /* Products */,
			);
			sourceTree = "<group>";
		};
		559F04DB1D004B61002552D7 /* Products */ = {
			isa = PBXGroup;
			children = (
				559F04DA1D004B61002552D7 /* Arkanoid Space Ball.app */,
			);
			name = Products;
			sourceTree = "<group>";
		};
		559F04DC1D004B61002552D7 /* Resources */ = {
			isa = PBXGroup;
			children = (
				55BD39501D00CC6100D43FAF /* arkanoidsb.pak */,
				55BD394E1D00B9C600D43FAF /* Images.xcassets */,
				559F04E81D004B61002552D7 /* Info.plist */,
			);
			name = Resources;
			path = arkanoidsb;
			sourceTree = "<group>";
		};
		55BD39131D0053D300D43FAF /* src */ = {
			isa = PBXGroup;
			children = (
				55BD39141D0053EB00D43FAF /* arkanoidsb.cpp */,
				55BD39151D0053EB00D43FAF /* arkanoidsb.h */,
				55BD39161D0053EB00D43FAF /* arkanoidsbgame.cpp */,
				55BD39171D0053EB00D43FAF /* arkanoidsbgame.h */,
				55BD39181D0053EB00D43FAF /* ball.cpp */,
				55BD39191D0053EB00D43FAF /* ball.h */,
				55BD391A1D0053EB00D43FAF /* bonus.cpp */,
				55BD391B1D0053EB00D43FAF /* bonus.h */,
				55BD391C1D0053EB00D43FAF /* bullet.cpp */,
				55BD391D1D0053EB00D43FAF /* bullet.h */,
				55BD391E1D0053EB00D43FAF /* coolfont.hpp */,
				55BD391F1D0053EB00D43FAF /* coolstring.cpp */,
				55BD39201D0053EB00D43FAF /* coolstring.h */,
				55BD39211D0053EB00D43FAF /* energyhole.cpp */,
				55BD39221D0053EB00D43FAF /* energyhole.h */,
				55BD39231D0053EB00D43FAF /* exploision.cpp */,
				55BD39241D0053EB00D43FAF /* exploision.h */,
				55BD39251D0053EB00D43FAF /* generatelevel.cpp */,
				55BD39261D0053EB00D43FAF /* generatelevel.h */,
				55BD39271D0053EB00D43FAF /* glSDL.c */,
				55BD39281D0053EB00D43FAF /* glSDL.h */,
				55BD39291D0053EB00D43FAF /* leveleditor.cpp */,
				55BD392A1D0053EB00D43FAF /* leveleditor.h */,
				55BD392B1D0053EB00D43FAF /* mainmenu.cpp */,
				55BD392C1D0053EB00D43FAF /* mainmenu.h */,
				55BD392D1D0053EB00D43FAF /* monster.cpp */,
				55BD392E1D0053EB00D43FAF /* monster.h */,
				55BD392F1D0053EB00D43FAF /* mystring.cpp */,
				55BD39301D0053EB00D43FAF /* mystring.h */,
				55BD39311D0053EB00D43FAF /* random.h */,
				55BD39321D0053EB00D43FAF /* resource.cpp */,
				55BD39331D0053EB00D43FAF /* resource.h */,
				55BD39341D0053EB00D43FAF /* SDLMain.h */,
				55BD39351D0053EB00D43FAF /* SDLMain.m */,
				55BD39361D0053EB00D43FAF /* sinusstring.cpp */,
				55BD39371D0053EB00D43FAF /* sinusstring.h */,
				55BD39381D0053EB00D43FAF /* tutorialdlg.cpp */,
				55BD39391D0053EB00D43FAF /* tutorialdlg.h */,
			);
			name = src;
			sourceTree = "<group>";
		};
/* End PBXGroup section */

/* Begin PBXNativeTarget section */
		559F04D91D004B61002552D7 /* Arkanoid Space Ball */ = {
			isa = PBXNativeTarget;
			buildConfigurationList = 559F04EB1D004B61002552D7 /* Build configuration list for PBXNativeTarget "Arkanoid Space Ball" */;
			buildPhases = (
				559F04D61D004B61002552D7 /* Sources */,
				559F04D71D004B61002552D7 /* Frameworks */,
				559F04D81D004B61002552D7 /* Resources */,
			);
			buildRules = (
			);
			dependencies = (
			);
			name = "Arkanoid Space Ball";
			productName = arkanoidsb;
			productReference = 559F04DA1D004B61002552D7 /* Arkanoid Space Ball.app */;
			productType = "com.apple.product-type.application";
		};
/* End PBXNativeTarget section */

/* Begin PBXProject section */
		559F04D21D004B61002552D7 /* Project object */ = {
			isa = PBXProject;
			attributes = {
				LastUpgradeCheck = 0730;
				ORGANIZATIONNAME = "Andrey Ugolnik";
				TargetAttributes = {
					559F04D91D004B61002552D7 = {
						CreatedOnToolsVersion = 7.3.1;
					};
				};
			};
			buildConfigurationList = 559F04D51D004B61002552D7 /* Build configuration list for PBXProject "Arkanoid Space Ball" */;
			compatibilityVersion = "Xcode 3.2";
			developmentRegion = English;
			hasScannedForEncodings = 0;
			knownRegions = (
				en,
				Base,
			);
			mainGroup = 559F04D11D004B61002552D7;
			productRefGroup = 559F04DB1D004B61002552D7 /* Products */;
			projectDirPath = "";
			projectRoot = "";
			targets = (
				559F04D91D004B61002552D7 /* Arkanoid Space Ball */,
			);
		};
/* End PBXProject section */

/* Begin PBXResourcesBuildPhase section */
		559F04D81D004B61002552D7 /* Resources */ = {
			isa = PBXResourcesBuildPhase;
			buildActionMask = 2147483647;
			files = (
				55BD39511D00CC6100D43FAF /* arkanoidsb.pak in Resources */,
				55BD394F1D00B9C600D43FAF /* Images.xcassets in Resources */,
			);
			runOnlyForDeploymentPostprocessing = 0;
		};
/* End PBXResourcesBuildPhase section */

/* Begin PBXSourcesBuildPhase section */
		559F04D61D004B61002552D7 /* Sources */ = {
			isa = PBXSourcesBuildPhase;
			buildActionMask = 2147483647;
			files = (
				55BD393A1D0053EB00D43FAF /* arkanoidsb.cpp in Sources */,
				55BD393D1D0053EB00D43FAF /* bonus.cpp in Sources */,
				55BD39431D0053EB00D43FAF /* glSDL.c in Sources */,
				55BD39491D0053EB00D43FAF /* SDLMain.m in Sources */,
				55BD393C1D0053EB00D43FAF /* ball.cpp in Sources */,
				55BD394A1D0053EB00D43FAF /* sinusstring.cpp in Sources */,
				55BD394B1D0053EB00D43FAF /* tutorialdlg.cpp in Sources */,
				55BD39411D0053EB00D43FAF /* exploision.cpp in Sources */,
				55BD393B1D0053EB00D43FAF /* arkanoidsbgame.cpp in Sources */,
				55BD39481D0053EB00D43FAF /* resource.cpp in Sources */,
				55BD393E1D0053EB00D43FAF /* bullet.cpp in Sources */,
				55BD39401D0053EB00D43FAF /* energyhole.cpp in Sources */,
				55BD39421D0053EB00D43FAF /* generatelevel.cpp in Sources */,
				55BD393F1D0053EB00D43FAF /* coolstring.cpp in Sources */,
				55BD39471D0053EB00D43FAF /* mystring.cpp in Sources */,
				55BD39451D0053EB00D43FAF /* mainmenu.cpp in Sources */,
				55BD39441D0053EB00D43FAF /* leveleditor.cpp in Sources */,
				55BD39461D0053EB00D43FAF /* monster.cpp in Sources */,
			);
			runOnlyForDeploymentPostprocessing = 0;
		};
/* End PBXSourcesBuildPhase section */

/* Begin XCBuildConfiguration section */
		559F04E91D004B61002552D7 /* Debug */ = {
			isa = XCBuildConfiguration;
			buildSettings = {
				ALWAYS_SEARCH_USER_PATHS = NO;
				CLANG_ANALYZER_NONNULL = YES;
				CLANG_CXX_LANGUAGE_STANDARD = "c++0x";
				CLANG_CXX_LIBRARY = "libc++";
				CLANG_ENABLE_MODULES = YES;
				CLANG_ENABLE_OBJC_ARC = NO;
				CLANG_WARN_BOOL_CONVERSION = YES;
				CLANG_WARN_CONSTANT_CONVERSION = YES;
				CLANG_WARN_DIRECT_OBJC_ISA_USAGE = YES_ERROR;
				CLANG_WARN_EMPTY_BODY = YES;
				CLANG_WARN_ENUM_CONVERSION = YES;
				CLANG_WARN_INT_CONVERSION = YES;
				CLANG_WARN_OBJC_ROOT_CLASS = YES_ERROR;
				CLANG_WARN_UNREACHABLE_CODE = YES;
				CLANG_WARN__DUPLICATE_METHOD_MATCH = YES;
				CODE_SIGN_IDENTITY = "-";
				COPY_PHASE_STRIP = NO;
				DEBUG_INFORMATION_FORMAT = dwarf;
				ENABLE_STRICT_OBJC_MSGSEND = YES;
				ENABLE_TESTABILITY = YES;
				GCC_C_LANGUAGE_STANDARD = c99;
				GCC_DYNAMIC_NO_PIC = NO;
				GCC_NO_COMMON_BLOCKS = YES;
				GCC_OPTIMIZATION_LEVEL = 0;
				GCC_PREPROCESSOR_DEFINITIONS = (
					"_THREAD_SAFE=1",
					"_GNU_SOURCE=1",
					"DEBUG=1",
				);
				GCC_WARN_64_TO_32_BIT_CONVERSION = YES;
				GCC_WARN_ABOUT_RETURN_TYPE = YES_ERROR;
				GCC_WARN_UNDECLARED_SELECTOR = YES;
				GCC_WARN_UNINITIALIZED_AUTOS = YES_AGGRESSIVE;
				GCC_WARN_UNUSED_FUNCTION = YES;
				GCC_WARN_UNUSED_VARIABLE = YES;
				MACOSX_DEPLOYMENT_TARGET = 10.11;
				MTL_ENABLE_DEBUG_INFO = YES;
				ONLY_ACTIVE_ARCH = YES;
				SDKROOT = macosx;
			};
			name = Debug;
		};
		559F04EA1D004B61002552D7 /* Release */ = {
			isa = XCBuildConfiguration;
			buildSettings = {
				ALWAYS_SEARCH_USER_PATHS = NO;
				CLANG_ANALYZER_NONNULL = YES;
				CLANG_CXX_LANGUAGE_STANDARD = "c++0x";
				CLANG_CXX_LIBRARY = "libc++";
				CLANG_ENABLE_MODULES = YES;
				CLANG_ENABLE_OBJC_ARC = NO;
				CLANG_WARN_BOOL_CONVERSION = YES;
				CLANG_WARN_CONSTANT_CONVERSION = YES;
				CLANG_WARN_DIRECT_OBJC_ISA_USAGE = YES_ERROR;
				CLANG_WARN_EMPTY_BODY = YES;
				CLANG_WARN_ENUM_CONVERSION = YES;
				CLANG_WARN_INT_CONVERSION = YES;
				CLANG_WARN_OBJC_ROOT_CLASS = YES_ERROR;
				CLANG_WARN_UNREACHABLE_CODE = YES;
				CLANG_WARN__DUPLICATE_METHOD_MATCH = YES;
				CODE_SIGN_IDENTITY = "-";
				COPY_PHASE_STRIP = NO;
				DEBUG_INFORMATION_FORMAT = "dwarf-with-dsym";
				ENABLE_NS_ASSERTIONS = NO;
				ENABLE_STRICT_OBJC_MSGSEND = YES;
				GCC_C_LANGUAGE_STANDARD = c99;
				GCC_NO_COMMON_BLOCKS = YES;
				GCC_PREPROCESSOR_DEFINITIONS = (
					"_THREAD_SAFE=1",
					"_GNU_SOURCE=1",
				);
				GCC_WARN_64_TO_32_BIT_CONVERSION = YES;
				GCC_WARN_ABOUT_RETURN_TYPE = YES_ERROR;
				GCC_WARN_UNDECLARED_SELECTOR = YES;
				GCC_WARN_UNINITIALIZED_AUTOS = YES_AGGRESSIVE;
				GCC_WARN_UNUSED_FUNCTION = YES;
				GCC_WARN_UNUSED_VARIABLE = YES;
				MACOSX_DEPLOYMENT_TARGET = 10.11;
				MTL_ENABLE_DEBUG_INFO = NO;
				SDKROOT = macosx;
			};
			name = Release;
		};
		559F04EC1D004B61002552D7 /* Debug */ = {
			isa = XCBuildConfiguration;
			buildSettings = {
				ASSETCATALOG_COMPILER_APPICON_NAME = AppIcon;
				COMBINE_HIDPI_IMAGES = YES;
				HEADER_SEARCH_PATHS = /usr/local/include/SDL;
				INFOPLIST_FILE = Info.plist;
				LD_RUNPATH_SEARCH_PATHS = "$(inherited) @executable_path/../Frameworks";
				LIBRARY_SEARCH_PATHS = /usr/local/lib;
				OTHER_LDFLAGS = (
					"-lSDLmain",
					"-lSDL",
					"-lSDL_image",
					"-lSDL_mixer",
				);
				PRODUCT_BUNDLE_IDENTIFIER = com.wildspike.arkanoidsb;
				PRODUCT_NAME = "Arkanoid Space Ball";
			};
			name = Debug;
		};
		559F04ED1D004B61002552D7 /* Release */ = {
			isa = XCBuildConfiguration;
			buildSettings = {
				ASSETCATALOG_COMPILER_APPICON_NAME = AppIcon;
				COMBINE_HIDPI_IMAGES = YES;
				HEADER_SEARCH_PATHS = /usr/local/include/SDL;
				INFOPLIST_FILE = Info.plist;
				LD_RUNPATH_SEARCH_PATHS = "$(inherited) @executable_path/../Frameworks";
				LIBRARY_SEARCH_PATHS = /usr/local/lib;
				OTHER_LDFLAGS = (
					"-lSDLmain",
					"-lSDL",
					"-lSDL_image",
					"-lSDL_mixer",
				);
				PRODUCT_BUNDLE_IDENTIFIER = com.wildspike.arkanoidsb;
				PRODUCT_NAME = "Arkanoid Space Ball";
			};
			name = Release;
		};
/* End XCBuildConfiguration section */

/* Begin XCConfigurationList section */
		559F04D51D004B61002552D7 /* Build configuration list for PBXProject "Arkanoid Space Ball" */ = {
			isa = XCConfigurationList;
			buildConfigurations = (
				559F04E91D004B61002552D7 /* Debug */,
				559F04EA1D004B61002552D7 /* Release */,
			);
			defaultConfigurationIsVisible = 0;
			defaultConfigurationName = Release;
		};
		559F04EB1D004B61002552D7 /* Build configuration list for PBXNativeTarget "Arkanoid Space Ball" */ = {
			isa = XCConfigurationList;
			buildConfigurations = (
				559F04EC1D004B61002552D7 /* Debug */,
				559F04ED1D004B61002552D7 /* Release */,
			);
			defaultConfigurationIsVisible = 0;
			defaultConfigurationName = Release;
		};
/* End XCConfigurationList section */
	};
	rootObject = 559F04D21D004B61002552D7 /* Project object */;
}
