// !$*UTF8*$!
{
	archiveVersion = 1;
	classes = {
	};
	objectVersion = 42;
	objects = {

/* Begin PBXBuildFile section */
		002F3A2E09D0888800EBEB88 /* SDLMain.m in Sources */ = {isa = PBXBuildFile; fileRef = 002F3A2C09D0888800EBEB88 /* SDLMain.m */; };
		55E6E70E0BEC7816006CE6DC /* arkanoidsb.cpp in Sources */ = {isa = PBXBuildFile; fileRef = 55E6E70D0BEC7816006CE6DC /* arkanoidsb.cpp */; };
		55E6E7590BEC8049006CE6DC /* arkanoidsb.pak in Resources */ = {isa = PBXBuildFile; fileRef = 55E6E7580BEC8048006CE6DC /* arkanoidsb.pak */; };
		55E6E75E0BEC8081006CE6DC /* module01.ogg in Resources */ = {isa = PBXBuildFile; fileRef = 55E6E75A0BEC8081006CE6DC /* module01.ogg */; };
		55E6E7600BEC8081006CE6DC /* module02.ogg in Resources */ = {isa = PBXBuildFile; fileRef = 55E6E75C0BEC8081006CE6DC /* module02.ogg */; };
		55E6E7610BEC8081006CE6DC /* module03.s3m in Resources */ = {isa = PBXBuildFile; fileRef = 55E6E75D0BEC8081006CE6DC /* module03.s3m */; };
		55E6E7B20BEC8191006CE6DC /* SDL_image.framework in Frameworks */ = {isa = PBXBuildFile; fileRef = 55E6E7A80BEC8191006CE6DC /* SDL_image.framework */; };
		55E6E7B30BEC8191006CE6DC /* SDL_mixer.framework in Frameworks */ = {isa = PBXBuildFile; fileRef = 55E6E7A90BEC8191006CE6DC /* SDL_mixer.framework */; };
		55E6E7DF0BEC81C8006CE6DC /* SDL.framework in Frameworks */ = {isa = PBXBuildFile; fileRef = 55E6E7B40BEC81C8006CE6DC /* SDL.framework */; };
		55E6E7E00BEC81D3006CE6DC /* SDL.framework in Copy Frameworks into .app bundle */ = {isa = PBXBuildFile; fileRef = 55E6E7B40BEC81C8006CE6DC /* SDL.framework */; };
		55E6E7E10BEC81D3006CE6DC /* SDL_image.framework in Copy Frameworks into .app bundle */ = {isa = PBXBuildFile; fileRef = 55E6E7A80BEC8191006CE6DC /* SDL_image.framework */; };
		55E6E7E20BEC81D3006CE6DC /* SDL_mixer.framework in Copy Frameworks into .app bundle */ = {isa = PBXBuildFile; fileRef = 55E6E7A90BEC8191006CE6DC /* SDL_mixer.framework */; };
		55E6E7E60BEC825D006CE6DC /* arkanoidsb.icns in Resources */ = {isa = PBXBuildFile; fileRef = 55E6E7E50BEC825C006CE6DC /* arkanoidsb.icns */; };
		55E77DDA0BEB91C200E2BBAB /* arkanoidsbgame.cpp in Sources */ = {isa = PBXBuildFile; fileRef = 55E77DB50BEB91C200E2BBAB /* arkanoidsbgame.cpp */; };
		55E77DDC0BEB91C200E2BBAB /* ball.cpp in Sources */ = {isa = PBXBuildFile; fileRef = 55E77DB70BEB91C200E2BBAB /* ball.cpp */; };
		55E77DDE0BEB91C200E2BBAB /* bonus.cpp in Sources */ = {isa = PBXBuildFile; fileRef = 55E77DB90BEB91C200E2BBAB /* bonus.cpp */; };
		55E77DE00BEB91C200E2BBAB /* bullet.cpp in Sources */ = {isa = PBXBuildFile; fileRef = 55E77DBB0BEB91C200E2BBAB /* bullet.cpp */; };
		55E77DE20BEB91C200E2BBAB /* coolstring.cpp in Sources */ = {isa = PBXBuildFile; fileRef = 55E77DBD0BEB91C200E2BBAB /* coolstring.cpp */; };
		55E77DE40BEB91C200E2BBAB /* energyhole.cpp in Sources */ = {isa = PBXBuildFile; fileRef = 55E77DBF0BEB91C200E2BBAB /* energyhole.cpp */; };
		55E77DE60BEB91C200E2BBAB /* exploision.cpp in Sources */ = {isa = PBXBuildFile; fileRef = 55E77DC10BEB91C200E2BBAB /* exploision.cpp */; };
		55E77DE80BEB91C200E2BBAB /* generatelevel.cpp in Sources */ = {isa = PBXBuildFile; fileRef = 55E77DC30BEB91C200E2BBAB /* generatelevel.cpp */; };
		55E77DEA0BEB91C200E2BBAB /* glSDL.c in Sources */ = {isa = PBXBuildFile; fileRef = 55E77DC50BEB91C200E2BBAB /* glSDL.c */; };
		55E77DEC0BEB91C200E2BBAB /* leveleditor.cpp in Sources */ = {isa = PBXBuildFile; fileRef = 55E77DC70BEB91C200E2BBAB /* leveleditor.cpp */; };
		55E77DEE0BEB91C200E2BBAB /* mainmenu.cpp in Sources */ = {isa = PBXBuildFile; fileRef = 55E77DC90BEB91C200E2BBAB /* mainmenu.cpp */; };
		55E77DF00BEB91C200E2BBAB /* monster.cpp in Sources */ = {isa = PBXBuildFile; fileRef = 55E77DCB0BEB91C200E2BBAB /* monster.cpp */; };
		55E77DF20BEB91C200E2BBAB /* mystring.cpp in Sources */ = {isa = PBXBuildFile; fileRef = 55E77DCD0BEB91C200E2BBAB /* mystring.cpp */; };
		55E77DF50BEB91C200E2BBAB /* reminderdlg.cpp in Sources */ = {isa = PBXBuildFile; fileRef = 55E77DD00BEB91C200E2BBAB /* reminderdlg.cpp */; };
		55E77DF70BEB91C200E2BBAB /* resource.cpp in Sources */ = {isa = PBXBuildFile; fileRef = 55E77DD20BEB91C200E2BBAB /* resource.cpp */; };
		55E77DF90BEB91C200E2BBAB /* sinusstring.cpp in Sources */ = {isa = PBXBuildFile; fileRef = 55E77DD40BEB91C200E2BBAB /* sinusstring.cpp */; };
		55E77DFB0BEB91C200E2BBAB /* tutorialdlg.cpp in Sources */ = {isa = PBXBuildFile; fileRef = 55E77DD60BEB91C200E2BBAB /* tutorialdlg.cpp */; };
		8D11072B0486CEB800E47090 /* InfoPlist.strings in Resources */ = {isa = PBXBuildFile; fileRef = 089C165CFE840E0CC02AAC07 /* InfoPlist.strings */; };
		8D11072F0486CEB800E47090 /* Cocoa.framework in Frameworks */ = {isa = PBXBuildFile; fileRef = 1058C7A1FEA54F0111CA2CBB /* Cocoa.framework */; };
/* End PBXBuildFile section */

/* Begin PBXCopyFilesBuildPhase section */
		002F39FD09D0883400EBEB88 /* Copy Frameworks into .app bundle */ = {
			isa = PBXCopyFilesBuildPhase;
			buildActionMask = 2147483647;
			dstPath = "";
			dstSubfolderSpec = 10;
			files = (
				55E6E7E00BEC81D3006CE6DC /* SDL.framework in Copy Frameworks into .app bundle */,
				55E6E7E10BEC81D3006CE6DC /* SDL_image.framework in Copy Frameworks into .app bundle */,
				55E6E7E20BEC81D3006CE6DC /* SDL_mixer.framework in Copy Frameworks into .app bundle */,
			);
			name = "Copy Frameworks into .app bundle";
			runOnlyForDeploymentPostprocessing = 0;
		};
/* End PBXCopyFilesBuildPhase section */

/* Begin PBXFileReference section */
		002F3A2B09D0888800EBEB88 /* SDLMain.h */ = {isa = PBXFileReference; fileEncoding = 30; lastKnownFileType = sourcecode.c.h; path = SDLMain.h; sourceTree = SOURCE_ROOT; };
		002F3A2C09D0888800EBEB88 /* SDLMain.m */ = {isa = PBXFileReference; fileEncoding = 30; lastKnownFileType = sourcecode.c.objc; path = SDLMain.m; sourceTree = SOURCE_ROOT; };
		089C165DFE840E0CC02AAC07 /* English */ = {isa = PBXFileReference; fileEncoding = 10; lastKnownFileType = text.plist.strings; name = English; path = English.lproj/InfoPlist.strings; sourceTree = "<group>"; };
		1058C7A1FEA54F0111CA2CBB /* Cocoa.framework */ = {isa = PBXFileReference; lastKnownFileType = wrapper.framework; name = Cocoa.framework; path = /System/Library/Frameworks/Cocoa.framework; sourceTree = "<absolute>"; };
		29B97324FDCFA39411CA2CEA /* AppKit.framework */ = {isa = PBXFileReference; lastKnownFileType = wrapper.framework; name = AppKit.framework; path = /System/Library/Frameworks/AppKit.framework; sourceTree = "<absolute>"; };
		29B97325FDCFA39411CA2CEA /* Foundation.framework */ = {isa = PBXFileReference; lastKnownFileType = wrapper.framework; name = Foundation.framework; path = /System/Library/Frameworks/Foundation.framework; sourceTree = "<absolute>"; };
		32CA4F630368D1EE00C91783 /* arkanoidsb_Prefix.pch */ = {isa = PBXFileReference; fileEncoding = 4; lastKnownFileType = sourcecode.c.h; path = arkanoidsb_Prefix.pch; sourceTree = "<group>"; };
		55E6E70D0BEC7816006CE6DC /* arkanoidsb.cpp */ = {isa = PBXFileReference; fileEncoding = 4; lastKnownFileType = sourcecode.cpp.cpp; name = arkanoidsb.cpp; path = src/arkanoidsb.cpp; sourceTree = "<group>"; };
		55E6E7580BEC8048006CE6DC /* arkanoidsb.pak */ = {isa = PBXFileReference; lastKnownFileType = file; name = arkanoidsb.pak; path = res/arkanoidsb.pak; sourceTree = "<group>"; };
		55E6E75A0BEC8081006CE6DC /* module01.ogg */ = {isa = PBXFileReference; lastKnownFileType = file; name = module01.ogg; path = res/module01.ogg; sourceTree = "<group>"; };
		55E6E75C0BEC8081006CE6DC /* module02.ogg */ = {isa = PBXFileReference; lastKnownFileType = file; name = module02.ogg; path = res/module02.ogg; sourceTree = "<group>"; };
		55E6E75D0BEC8081006CE6DC /* module03.s3m */ = {isa = PBXFileReference; lastKnownFileType = file; name = module03.s3m; path = res/module03.s3m; sourceTree = "<group>"; };
		55E6E7A80BEC8191006CE6DC /* SDL_image.framework */ = {isa = PBXFileReference; lastKnownFileType = wrapper.framework; name = SDL_image.framework; path = /Library/Frameworks/SDL_image.framework; sourceTree = "<absolute>"; };
		55E6E7A90BEC8191006CE6DC /* SDL_mixer.framework */ = {isa = PBXFileReference; lastKnownFileType = wrapper.framework; name = SDL_mixer.framework; path = /Library/Frameworks/SDL_mixer.framework; sourceTree = "<absolute>"; };
		55E6E7B40BEC81C8006CE6DC /* SDL.framework */ = {isa = PBXFileReference; lastKnownFileType = wrapper.framework; name = SDL.framework; path = /Library/Frameworks/SDL.framework; sourceTree = "<absolute>"; };
		55E6E7E50BEC825C006CE6DC /* arkanoidsb.icns */ = {isa = PBXFileReference; lastKnownFileType = image.icns; name = arkanoidsb.icns; path = res/arkanoidsb.icns; sourceTree = "<group>"; };
		55E77DB40BEB91C200E2BBAB /* arkanoidsb.h */ = {isa = PBXFileReference; fileEncoding = 4; lastKnownFileType = sourcecode.c.h; name = arkanoidsb.h; path = src/arkanoidsb.h; sourceTree = "<group>"; };
		55E77DB50BEB91C200E2BBAB /* arkanoidsbgame.cpp */ = {isa = PBXFileReference; fileEncoding = 4; lastKnownFileType = sourcecode.cpp.cpp; name = arkanoidsbgame.cpp; path = src/arkanoidsbgame.cpp; sourceTree = "<group>"; };
		55E77DB60BEB91C200E2BBAB /* arkanoidsbgame.h */ = {isa = PBXFileReference; fileEncoding = 4; lastKnownFileType = sourcecode.c.h; name = arkanoidsbgame.h; path = src/arkanoidsbgame.h; sourceTree = "<group>"; };
		55E77DB70BEB91C200E2BBAB /* ball.cpp */ = {isa = PBXFileReference; fileEncoding = 4; lastKnownFileType = sourcecode.cpp.cpp; name = ball.cpp; path = src/ball.cpp; sourceTree = "<group>"; };
		55E77DB80BEB91C200E2BBAB /* ball.h */ = {isa = PBXFileReference; fileEncoding = 4; lastKnownFileType = sourcecode.c.h; name = ball.h; path = src/ball.h; sourceTree = "<group>"; };
		55E77DB90BEB91C200E2BBAB /* bonus.cpp */ = {isa = PBXFileReference; fileEncoding = 4; lastKnownFileType = sourcecode.cpp.cpp; name = bonus.cpp; path = src/bonus.cpp; sourceTree = "<group>"; };
		55E77DBA0BEB91C200E2BBAB /* bonus.h */ = {isa = PBXFileReference; fileEncoding = 4; lastKnownFileType = sourcecode.c.h; name = bonus.h; path = src/bonus.h; sourceTree = "<group>"; };
		55E77DBB0BEB91C200E2BBAB /* bullet.cpp */ = {isa = PBXFileReference; fileEncoding = 4; lastKnownFileType = sourcecode.cpp.cpp; name = bullet.cpp; path = src/bullet.cpp; sourceTree = "<group>"; };
		55E77DBC0BEB91C200E2BBAB /* bullet.h */ = {isa = PBXFileReference; fileEncoding = 4; lastKnownFileType = sourcecode.c.h; name = bullet.h; path = src/bullet.h; sourceTree = "<group>"; };
		55E77DBD0BEB91C200E2BBAB /* coolstring.cpp */ = {isa = PBXFileReference; fileEncoding = 4; lastKnownFileType = sourcecode.cpp.cpp; name = coolstring.cpp; path = src/coolstring.cpp; sourceTree = "<group>"; };
		55E77DBE0BEB91C200E2BBAB /* coolstring.h */ = {isa = PBXFileReference; fileEncoding = 4; lastKnownFileType = sourcecode.c.h; name = coolstring.h; path = src/coolstring.h; sourceTree = "<group>"; };
		55E77DBF0BEB91C200E2BBAB /* energyhole.cpp */ = {isa = PBXFileReference; fileEncoding = 4; lastKnownFileType = sourcecode.cpp.cpp; name = energyhole.cpp; path = src/energyhole.cpp; sourceTree = "<group>"; };
		55E77DC00BEB91C200E2BBAB /* energyhole.h */ = {isa = PBXFileReference; fileEncoding = 4; lastKnownFileType = sourcecode.c.h; name = energyhole.h; path = src/energyhole.h; sourceTree = "<group>"; };
		55E77DC10BEB91C200E2BBAB /* exploision.cpp */ = {isa = PBXFileReference; fileEncoding = 4; lastKnownFileType = sourcecode.cpp.cpp; name = exploision.cpp; path = src/exploision.cpp; sourceTree = "<group>"; };
		55E77DC20BEB91C200E2BBAB /* exploision.h */ = {isa = PBXFileReference; fileEncoding = 4; lastKnownFileType = sourcecode.c.h; name = exploision.h; path = src/exploision.h; sourceTree = "<group>"; };
		55E77DC30BEB91C200E2BBAB /* generatelevel.cpp */ = {isa = PBXFileReference; fileEncoding = 4; lastKnownFileType = sourcecode.cpp.cpp; name = generatelevel.cpp; path = src/generatelevel.cpp; sourceTree = "<group>"; };
		55E77DC40BEB91C200E2BBAB /* generatelevel.h */ = {isa = PBXFileReference; fileEncoding = 4; lastKnownFileType = sourcecode.c.h; name = generatelevel.h; path = src/generatelevel.h; sourceTree = "<group>"; };
		55E77DC50BEB91C200E2BBAB /* glSDL.c */ = {isa = PBXFileReference; fileEncoding = 4; lastKnownFileType = sourcecode.c.c; name = glSDL.c; path = src/glSDL.c; sourceTree = "<group>"; };
		55E77DC60BEB91C200E2BBAB /* glSDL.h */ = {isa = PBXFileReference; fileEncoding = 4; lastKnownFileType = sourcecode.c.h; name = glSDL.h; path = src/glSDL.h; sourceTree = "<group>"; };
		55E77DC70BEB91C200E2BBAB /* leveleditor.cpp */ = {isa = PBXFileReference; fileEncoding = 4; lastKnownFileType = sourcecode.cpp.cpp; name = leveleditor.cpp; path = src/leveleditor.cpp; sourceTree = "<group>"; };
		55E77DC80BEB91C200E2BBAB /* leveleditor.h */ = {isa = PBXFileReference; fileEncoding = 4; lastKnownFileType = sourcecode.c.h; name = leveleditor.h; path = src/leveleditor.h; sourceTree = "<group>"; };
		55E77DC90BEB91C200E2BBAB /* mainmenu.cpp */ = {isa = PBXFileReference; fileEncoding = 4; lastKnownFileType = sourcecode.cpp.cpp; name = mainmenu.cpp; path = src/mainmenu.cpp; sourceTree = "<group>"; };
		55E77DCA0BEB91C200E2BBAB /* mainmenu.h */ = {isa = PBXFileReference; fileEncoding = 4; lastKnownFileType = sourcecode.c.h; name = mainmenu.h; path = src/mainmenu.h; sourceTree = "<group>"; };
		55E77DCB0BEB91C200E2BBAB /* monster.cpp */ = {isa = PBXFileReference; fileEncoding = 4; lastKnownFileType = sourcecode.cpp.cpp; name = monster.cpp; path = src/monster.cpp; sourceTree = "<group>"; };
		55E77DCC0BEB91C200E2BBAB /* monster.h */ = {isa = PBXFileReference; fileEncoding = 4; lastKnownFileType = sourcecode.c.h; name = monster.h; path = src/monster.h; sourceTree = "<group>"; };
		55E77DCD0BEB91C200E2BBAB /* mystring.cpp */ = {isa = PBXFileReference; fileEncoding = 4; lastKnownFileType = sourcecode.cpp.cpp; name = mystring.cpp; path = src/mystring.cpp; sourceTree = "<group>"; };
		55E77DCE0BEB91C200E2BBAB /* mystring.h */ = {isa = PBXFileReference; fileEncoding = 4; lastKnownFileType = sourcecode.c.h; name = mystring.h; path = src/mystring.h; sourceTree = "<group>"; };
		55E77DCF0BEB91C200E2BBAB /* random.h */ = {isa = PBXFileReference; fileEncoding = 4; lastKnownFileType = sourcecode.c.h; name = random.h; path = src/random.h; sourceTree = "<group>"; };
		55E77DD00BEB91C200E2BBAB /* reminderdlg.cpp */ = {isa = PBXFileReference; fileEncoding = 4; lastKnownFileType = sourcecode.cpp.cpp; name = reminderdlg.cpp; path = src/reminderdlg.cpp; sourceTree = "<group>"; };
		55E77DD10BEB91C200E2BBAB /* reminderdlg.h */ = {isa = PBXFileReference; fileEncoding = 4; lastKnownFileType = sourcecode.c.h; name = reminderdlg.h; path = src/reminderdlg.h; sourceTree = "<group>"; };
		55E77DD20BEB91C200E2BBAB /* resource.cpp */ = {isa = PBXFileReference; fileEncoding = 4; lastKnownFileType = sourcecode.cpp.cpp; name = resource.cpp; path = src/resource.cpp; sourceTree = "<group>"; };
		55E77DD30BEB91C200E2BBAB /* resource.h */ = {isa = PBXFileReference; fileEncoding = 4; lastKnownFileType = sourcecode.c.h; name = resource.h; path = src/resource.h; sourceTree = "<group>"; };
		55E77DD40BEB91C200E2BBAB /* sinusstring.cpp */ = {isa = PBXFileReference; fileEncoding = 4; lastKnownFileType = sourcecode.cpp.cpp; name = sinusstring.cpp; path = src/sinusstring.cpp; sourceTree = "<group>"; };
		55E77DD50BEB91C200E2BBAB /* sinusstring.h */ = {isa = PBXFileReference; fileEncoding = 4; lastKnownFileType = sourcecode.c.h; name = sinusstring.h; path = src/sinusstring.h; sourceTree = "<group>"; };
		55E77DD60BEB91C200E2BBAB /* tutorialdlg.cpp */ = {isa = PBXFileReference; fileEncoding = 4; lastKnownFileType = sourcecode.cpp.cpp; name = tutorialdlg.cpp; path = src/tutorialdlg.cpp; sourceTree = "<group>"; };
		55E77DD70BEB91C200E2BBAB /* tutorialdlg.h */ = {isa = PBXFileReference; fileEncoding = 4; lastKnownFileType = sourcecode.c.h; name = tutorialdlg.h; path = src/tutorialdlg.h; sourceTree = "<group>"; };
		55E77E420BEB92C800E2BBAB /* coolfont.hpp */ = {isa = PBXFileReference; fileEncoding = 4; lastKnownFileType = sourcecode.cpp.h; name = coolfont.hpp; path = src/coolfont.hpp; sourceTree = "<group>"; };
		8D1107310486CEB800E47090 /* Info.plist */ = {isa = PBXFileReference; fileEncoding = 4; lastKnownFileType = text.plist; path = Info.plist; sourceTree = "<group>"; };
		8D1107320486CEB800E47090 /* arkanoidsb.app */ = {isa = PBXFileReference; explicitFileType = wrapper.application; includeInIndex = 0; path = arkanoidsb.app; sourceTree = BUILT_PRODUCTS_DIR; };
/* End PBXFileReference section */

/* Begin PBXFrameworksBuildPhase section */
		8D11072E0486CEB800E47090 /* Frameworks */ = {
			isa = PBXFrameworksBuildPhase;
			buildActionMask = 2147483647;
			files = (
				8D11072F0486CEB800E47090 /* Cocoa.framework in Frameworks */,
				55E6E7B20BEC8191006CE6DC /* SDL_image.framework in Frameworks */,
				55E6E7B30BEC8191006CE6DC /* SDL_mixer.framework in Frameworks */,
				55E6E7DF0BEC81C8006CE6DC /* SDL.framework in Frameworks */,
			);
			runOnlyForDeploymentPostprocessing = 0;
		};
/* End PBXFrameworksBuildPhase section */

/* Begin PBXGroup section */
		080E96DDFE201D6D7F000001 /* Classes */ = {
			isa = PBXGroup;
			children = (
				55E77DD40BEB91C200E2BBAB /* sinusstring.cpp */,
				55E77DD50BEB91C200E2BBAB /* sinusstring.h */,
				55E77DD60BEB91C200E2BBAB /* tutorialdlg.cpp */,
				55E77DD70BEB91C200E2BBAB /* tutorialdlg.h */,
				55E77DC70BEB91C200E2BBAB /* leveleditor.cpp */,
				55E77DC80BEB91C200E2BBAB /* leveleditor.h */,
				55E77DC90BEB91C200E2BBAB /* mainmenu.cpp */,
				55E77DCA0BEB91C200E2BBAB /* mainmenu.h */,
				55E77DCB0BEB91C200E2BBAB /* monster.cpp */,
				55E77DCC0BEB91C200E2BBAB /* monster.h */,
				55E77DCD0BEB91C200E2BBAB /* mystring.cpp */,
				55E77DCE0BEB91C200E2BBAB /* mystring.h */,
				55E77DCF0BEB91C200E2BBAB /* random.h */,
				55E77DD00BEB91C200E2BBAB /* reminderdlg.cpp */,
				55E77DD10BEB91C200E2BBAB /* reminderdlg.h */,
				55E77DD20BEB91C200E2BBAB /* resource.cpp */,
				55E77DD30BEB91C200E2BBAB /* resource.h */,
				55E77DC30BEB91C200E2BBAB /* generatelevel.cpp */,
				55E77DC40BEB91C200E2BBAB /* generatelevel.h */,
				55E77DC50BEB91C200E2BBAB /* glSDL.c */,
				55E77DC60BEB91C200E2BBAB /* glSDL.h */,
				55E77E420BEB92C800E2BBAB /* coolfont.hpp */,
				55E77DBD0BEB91C200E2BBAB /* coolstring.cpp */,
				55E77DBE0BEB91C200E2BBAB /* coolstring.h */,
				55E77DBF0BEB91C200E2BBAB /* energyhole.cpp */,
				55E77DC00BEB91C200E2BBAB /* energyhole.h */,
				55E77DC10BEB91C200E2BBAB /* exploision.cpp */,
				55E77DC20BEB91C200E2BBAB /* exploision.h */,
				55E77DB50BEB91C200E2BBAB /* arkanoidsbgame.cpp */,
				55E77DB60BEB91C200E2BBAB /* arkanoidsbgame.h */,
				55E77DB70BEB91C200E2BBAB /* ball.cpp */,
				55E77DB80BEB91C200E2BBAB /* ball.h */,
				55E77DB90BEB91C200E2BBAB /* bonus.cpp */,
				55E77DBA0BEB91C200E2BBAB /* bonus.h */,
				55E77DBB0BEB91C200E2BBAB /* bullet.cpp */,
				55E77DBC0BEB91C200E2BBAB /* bullet.h */,
				55E6E70D0BEC7816006CE6DC /* arkanoidsb.cpp */,
				55E77DB40BEB91C200E2BBAB /* arkanoidsb.h */,
				002F3A2B09D0888800EBEB88 /* SDLMain.h */,
				002F3A2C09D0888800EBEB88 /* SDLMain.m */,
			);
			name = Classes;
			sourceTree = "<group>";
		};
		1058C7A0FEA54F0111CA2CBB /* Linked Frameworks */ = {
			isa = PBXGroup;
			children = (
				55E6E7B40BEC81C8006CE6DC /* SDL.framework */,
				55E6E7A80BEC8191006CE6DC /* SDL_image.framework */,
				55E6E7A90BEC8191006CE6DC /* SDL_mixer.framework */,
				1058C7A1FEA54F0111CA2CBB /* Cocoa.framework */,
			);
			name = "Linked Frameworks";
			sourceTree = "<group>";
		};
		1058C7A2FEA54F0111CA2CBB /* Other Frameworks */ = {
			isa = PBXGroup;
			children = (
				29B97324FDCFA39411CA2CEA /* AppKit.framework */,
				29B97325FDCFA39411CA2CEA /* Foundation.framework */,
			);
			name = "Other Frameworks";
			sourceTree = "<group>";
		};
		19C28FACFE9D520D11CA2CBB /* Products */ = {
			isa = PBXGroup;
			children = (
				8D1107320486CEB800E47090 /* arkanoidsb.app */,
			);
			name = Products;
			sourceTree = "<group>";
		};
		29B97314FDCFA39411CA2CEA /* arkanoidsb */ = {
			isa = PBXGroup;
			children = (
				080E96DDFE201D6D7F000001 /* Classes */,
				29B97315FDCFA39411CA2CEA /* Other Sources */,
				29B97317FDCFA39411CA2CEA /* Resources */,
				29B97323FDCFA39411CA2CEA /* Frameworks */,
				19C28FACFE9D520D11CA2CBB /* Products */,
			);
			name = arkanoidsb;
			sourceTree = "<group>";
		};
		29B97315FDCFA39411CA2CEA /* Other Sources */ = {
			isa = PBXGroup;
			children = (
				32CA4F630368D1EE00C91783 /* arkanoidsb_Prefix.pch */,
			);
			name = "Other Sources";
			sourceTree = "<group>";
		};
		29B97317FDCFA39411CA2CEA /* Resources */ = {
			isa = PBXGroup;
			children = (
				55E6E7E50BEC825C006CE6DC /* arkanoidsb.icns */,
				55E6E75A0BEC8081006CE6DC /* module01.ogg */,
				55E6E75C0BEC8081006CE6DC /* module02.ogg */,
				55E6E75D0BEC8081006CE6DC /* module03.s3m */,
				55E6E7580BEC8048006CE6DC /* arkanoidsb.pak */,
				8D1107310486CEB800E47090 /* Info.plist */,
				089C165CFE840E0CC02AAC07 /* InfoPlist.strings */,
			);
			name = Resources;
			sourceTree = "<group>";
		};
		29B97323FDCFA39411CA2CEA /* Frameworks */ = {
			isa = PBXGroup;
			children = (
				1058C7A0FEA54F0111CA2CBB /* Linked Frameworks */,
				1058C7A2FEA54F0111CA2CBB /* Other Frameworks */,
			);
			name = Frameworks;
			sourceTree = "<group>";
		};
/* End PBXGroup section */

/* Begin PBXNativeTarget section */
		8D1107260486CEB800E47090 /* arkanoidsb */ = {
			isa = PBXNativeTarget;
			buildConfigurationList = C01FCF4A08A954540054247B /* Build configuration list for PBXNativeTarget "arkanoidsb" */;
			buildPhases = (
				8D1107290486CEB800E47090 /* Resources */,
				8D11072C0486CEB800E47090 /* Sources */,
				8D11072E0486CEB800E47090 /* Frameworks */,
				002F39FD09D0883400EBEB88 /* Copy Frameworks into .app bundle */,
			);
			buildRules = (
			);
			dependencies = (
			);
			name = arkanoidsb;
			productInstallPath = "$(HOME)/Applications";
			productName = arkanoidsb;
			productReference = 8D1107320486CEB800E47090 /* arkanoidsb.app */;
			productType = "com.apple.product-type.application";
		};
/* End PBXNativeTarget section */

/* Begin PBXProject section */
		29B97313FDCFA39411CA2CEA /* Project object */ = {
			isa = PBXProject;
			buildConfigurationList = C01FCF4E08A954540054247B /* Build configuration list for PBXProject "arkanoidsb" */;
			hasScannedForEncodings = 1;
			mainGroup = 29B97314FDCFA39411CA2CEA /* arkanoidsb */;
			projectDirPath = "";
			targets = (
				8D1107260486CEB800E47090 /* arkanoidsb */,
			);
		};
/* End PBXProject section */

/* Begin PBXResourcesBuildPhase section */
		8D1107290486CEB800E47090 /* Resources */ = {
			isa = PBXResourcesBuildPhase;
			buildActionMask = 2147483647;
			files = (
				8D11072B0486CEB800E47090 /* InfoPlist.strings in Resources */,
				55E6E7590BEC8049006CE6DC /* arkanoidsb.pak in Resources */,
				55E6E75E0BEC8081006CE6DC /* module01.ogg in Resources */,
				55E6E7600BEC8081006CE6DC /* module02.ogg in Resources */,
				55E6E7610BEC8081006CE6DC /* module03.s3m in Resources */,
				55E6E7E60BEC825D006CE6DC /* arkanoidsb.icns in Resources */,
			);
			runOnlyForDeploymentPostprocessing = 0;
		};
/* End PBXResourcesBuildPhase section */

/* Begin PBXSourcesBuildPhase section */
		8D11072C0486CEB800E47090 /* Sources */ = {
			isa = PBXSourcesBuildPhase;
			buildActionMask = 2147483647;
			files = (
				002F3A2E09D0888800EBEB88 /* SDLMain.m in Sources */,
				55E77DDA0BEB91C200E2BBAB /* arkanoidsbgame.cpp in Sources */,
				55E77DDC0BEB91C200E2BBAB /* ball.cpp in Sources */,
				55E77DDE0BEB91C200E2BBAB /* bonus.cpp in Sources */,
				55E77DE00BEB91C200E2BBAB /* bullet.cpp in Sources */,
				55E77DE20BEB91C200E2BBAB /* coolstring.cpp in Sources */,
				55E77DE40BEB91C200E2BBAB /* energyhole.cpp in Sources */,
				55E77DE60BEB91C200E2BBAB /* exploision.cpp in Sources */,
				55E77DE80BEB91C200E2BBAB /* generatelevel.cpp in Sources */,
				55E77DEA0BEB91C200E2BBAB /* glSDL.c in Sources */,
				55E77DEC0BEB91C200E2BBAB /* leveleditor.cpp in Sources */,
				55E77DEE0BEB91C200E2BBAB /* mainmenu.cpp in Sources */,
				55E77DF00BEB91C200E2BBAB /* monster.cpp in Sources */,
				55E77DF20BEB91C200E2BBAB /* mystring.cpp in Sources */,
				55E77DF50BEB91C200E2BBAB /* reminderdlg.cpp in Sources */,
				55E77DF70BEB91C200E2BBAB /* resource.cpp in Sources */,
				55E77DF90BEB91C200E2BBAB /* sinusstring.cpp in Sources */,
				55E77DFB0BEB91C200E2BBAB /* tutorialdlg.cpp in Sources */,
				55E6E70E0BEC7816006CE6DC /* arkanoidsb.cpp in Sources */,
			);
			runOnlyForDeploymentPostprocessing = 0;
		};
/* End PBXSourcesBuildPhase section */

/* Begin PBXVariantGroup section */
		089C165CFE840E0CC02AAC07 /* InfoPlist.strings */ = {
			isa = PBXVariantGroup;
			children = (
				089C165DFE840E0CC02AAC07 /* English */,
			);
			name = InfoPlist.strings;
			sourceTree = "<group>";
		};
/* End PBXVariantGroup section */

/* Begin XCBuildConfiguration section */
		C01FCF4B08A954540054247B /* Debug */ = {
			isa = XCBuildConfiguration;
			buildSettings = {
				ARCHS = (
					ppc,
					i386,
				);
				COPY_PHASE_STRIP = NO;
				GCC_DYNAMIC_NO_PIC = NO;
				GCC_ENABLE_FIX_AND_CONTINUE = YES;
				GCC_MODEL_TUNING = G5;
				GCC_OPTIMIZATION_LEVEL = 0;
				INFOPLIST_FILE = Info.plist;
				INSTALL_PATH = "$(HOME)/Applications";
				PRODUCT_NAME = arkanoidsb;
				WRAPPER_EXTENSION = app;
				ZERO_LINK = YES;
			};
			name = Debug;
		};
		C01FCF4C08A954540054247B /* Release */ = {
			isa = XCBuildConfiguration;
			buildSettings = {
				ARCHS = (
					ppc,
					i386,
				);
				GCC_GENERATE_DEBUGGING_SYMBOLS = NO;
				GCC_MODEL_TUNING = G5;
				INFOPLIST_FILE = Info.plist;
				INSTALL_PATH = "$(HOME)/Applications";
				PRODUCT_NAME = arkanoidsb;
				WRAPPER_EXTENSION = app;
			};
			name = Release;
		};
		C01FCF4F08A954540054247B /* Debug */ = {
			isa = XCBuildConfiguration;
			buildSettings = {
				ARCHS = ppc;
				FRAMEWORK_SEARCH_PATHS = (
					"$(HOME)/Library/Frameworks",
					/Library/Frameworks,
					"$(FRAMEWORK_SEARCH_PATHS)",
				);
				GCC_WARN_ABOUT_RETURN_TYPE = YES;
				GCC_WARN_UNUSED_VARIABLE = YES;
				HEADER_SEARCH_PATHS = (
					"$(HOME)/Library/Frameworks/SDL.framework/Headers",
					/Library/Frameworks/SDL.framework/Headers,
					/Library/Frameworks/SDL_image.framework/Headers,
					/Library/Frameworks/SDL_mixer.framework/Headers,
					"$(HEADER_SEARCH_PATHS)",
				);
				PREBINDING = NO;
				SDKROOT = /Developer/SDKs/MacOSX10.4u.sdk;
			};
			name = Debug;
		};
		C01FCF5008A954540054247B /* Release */ = {
			isa = XCBuildConfiguration;
			buildSettings = {
				ARCHS = ppc;
				FRAMEWORK_SEARCH_PATHS = (
					"$(HOME)/Library/Frameworks",
					/Library/Frameworks,
					"$(FRAMEWORK_SEARCH_PATHS)",
				);
				GCC_WARN_ABOUT_RETURN_TYPE = YES;
				GCC_WARN_UNUSED_VARIABLE = YES;
				HEADER_SEARCH_PATHS = (
					"$(HOME)/Library/Frameworks/SDL.framework/Headers",
					/Library/Frameworks/SDL.framework/Headers,
					/Library/Frameworks/SDL_image.framework/Headers,
					/Library/Frameworks/SDL_mixer.framework/Headers,
					"$(HEADER_SEARCH_PATHS)",
				);
				PREBINDING = NO;
				SDKROOT = /Developer/SDKs/MacOSX10.4u.sdk;
			};
			name = Release;
		};
/* End XCBuildConfiguration section */

/* Begin XCConfigurationList section */
		C01FCF4A08A954540054247B /* Build configuration list for PBXNativeTarget "arkanoidsb" */ = {
			isa = XCConfigurationList;
			buildConfigurations = (
				C01FCF4B08A954540054247B /* Debug */,
				C01FCF4C08A954540054247B /* Release */,
			);
			defaultConfigurationIsVisible = 0;
			defaultConfigurationName = Release;
		};
		C01FCF4E08A954540054247B /* Build configuration list for PBXProject "arkanoidsb" */ = {
			isa = XCConfigurationList;
			buildConfigurations = (
				C01FCF4F08A954540054247B /* Debug */,
				C01FCF5008A954540054247B /* Release */,
			);
			defaultConfigurationIsVisible = 0;
			defaultConfigurationName = Release;
		};
/* End XCConfigurationList section */
	};
	rootObject = 29B97313FDCFA39411CA2CEA /* Project object */;
}
